<?xml version="1.0" encoding="utf-8"?>
<Project ToolsVersion="4.0" xmlns="http://schemas.microsoft.com/developer/msbuild/2003">
  <ItemGroup>
    <Filter Include="Source Files">
      <UniqueIdentifier>{4FC737F1-C7A5-4376-A066-2A32D752A2FF}</UniqueIdentifier>
      <Extensions>cpp;c;cxx;def;odl;idl;hpj;bat;asm;asmx</Extensions>
    </Filter>
    <Filter Include="Header Files">
      <UniqueIdentifier>{93995380-89BD-4b04-88EB-625FBE52EBFB}</UniqueIdentifier>
      <Extensions>h;hpp;hxx;hm;inl;inc;xsd</Extensions>
    </Filter>
    <Filter Include="Generated Files">
      <UniqueIdentifier>{71ED8ED8-ACB9-4CE9-BBE1-E00B30144E11}</UniqueIdentifier>
      <Extensions>cpp;c;cxx;moc;h;def;odl;idl;res;</Extensions>
    </Filter>
    <Filter Include="Generated Files\Debug">
      <UniqueIdentifier>{ddb0fdba-8762-488f-abac-c0bbc9cdb26f}</UniqueIdentifier>
      <Extensions>cpp;moc</Extensions>
      <SourceControlFiles>False</SourceControlFiles>
    </Filter>
    <Filter Include="Generated Files\Debug_Alone">
      <UniqueIdentifier>{31da89ff-9399-495b-b93e-db260706261e}</UniqueIdentifier>
      <Extensions>cpp;moc</Extensions>
      <SourceControlFiles>False</SourceControlFiles>
    </Filter>
    <Filter Include="Generated Files\Release">
      <UniqueIdentifier>{253e1e8f-1758-4935-9a14-85b5074af564}</UniqueIdentifier>
      <Extensions>cpp;moc</Extensions>
      <SourceControlFiles>False</SourceControlFiles>
    </Filter>
    <Filter Include="Generated Files\Release_Alone">
      <UniqueIdentifier>{b965853b-b6ce-4b01-a4ca-12c9e5db6c07}</UniqueIdentifier>
      <Extensions>cpp;moc</Extensions>
      <SourceControlFiles>False</SourceControlFiles>
    </Filter>
    <Filter Include="Translation Files">
      <UniqueIdentifier>{639EADAA-A684-42e4-A9AD-28FC9BCB8F7C}</UniqueIdentifier>
      <Extensions>ts;xlf</Extensions>
      <ParseFiles>false</ParseFiles>
    </Filter>
    <Filter Include="Form Files">
      <UniqueIdentifier>{99349809-55BA-4b9d-BF79-8FDBB0286EB3}</UniqueIdentifier>
      <Extensions>ui</Extensions>
      <ParseFiles>false</ParseFiles>
    </Filter>
    <Filter Include="sysdlg">
      <UniqueIdentifier>{ad5a7510-250f-46d3-be0b-8594ae8163e7}</UniqueIdentifier>
    </Filter>
    <Filter Include="Resource Files">
      <UniqueIdentifier>{D9D6E242-F8AF-46E4-B9FD-80ECBC20BA3E}</UniqueIdentifier>
      <Extensions>qrc;*</Extensions>
      <ParseFiles>false</ParseFiles>
    </Filter>
  </ItemGroup>
  <ItemGroup>
    <ClCompile Include="aboutdlg.cpp">
      <Filter>Source Files</Filter>
    </ClCompile>
    <ClCompile Include="animationdlg.cpp">
      <Filter>Source Files</Filter>
    </ClCompile>
    <ClCompile Include="animationmgr.cpp">
      <Filter>Source Files</Filter>
    </ClCompile>
    <ClCompile Include="asdtextdelegate.cpp">
      <Filter>Source Files</Filter>
    </ClCompile>
    <ClCompile Include="buildingpropdlg.cpp">
      <Filter>Source Files</Filter>
    </ClCompile>
    <ClCompile Include="buildingsearchdlg.cpp">
      <Filter>Source Files</Filter>
    </ClCompile>
    <ClCompile Include="calcprogressdlg.cpp">
      <Filter>Source Files</Filter>
    </ClCompile>
    <ClCompile Include="camerakeyframedlg.cpp">
      <Filter>Source Files</Filter>
    </ClCompile>
    <ClCompile Include="carsimctrl.cpp">
      <Filter>Source Files</Filter>
    </ClCompile>
    <ClCompile Include="colorrampdlg.cpp">
      <Filter>Source Files</Filter>
    </ClCompile>
    <ClCompile Include="colorXmlParser.cpp">
      <Filter>Source Files</Filter>
    </ClCompile>
    <ClCompile Include="config.cpp">
      <Filter>Source Files</Filter>
    </ClCompile>
    <ClCompile Include="contourdlg.cpp">
      <Filter>Source Files</Filter>
    </ClCompile>
    <ClCompile Include="dbpathsetting.cpp">
      <Filter>Source Files</Filter>
    </ClCompile>
    <ClCompile Include="directorydialog.cpp">
      <Filter>Source Files</Filter>
    </ClCompile>
    <ClCompile Include="flightsimctrl.cpp">
      <Filter>Source Files</Filter>
    </ClCompile>
    <ClCompile Include="gdemclient.cpp">
      <Filter>Source Files</Filter>
    </ClCompile>
    <ClCompile Include="gdemcustomstyle.cpp">
      <Filter>Source Files</Filter>
    </ClCompile>
    <ClCompile Include="gotodialog.cpp">
      <Filter>Source Files</Filter>
    </ClCompile>
    <ClCompile Include="guiuty.cpp">
      <Filter>Source Files</Filter>
    </ClCompile>
    <ClCompile Include="key.cpp">
      <Filter>Source Files</Filter>
    </ClCompile>
    <ClCompile Include="keyframe.cpp">
      <Filter>Source Files</Filter>
    </ClCompile>
    <ClCompile Include="keyframedelegate.cpp">
      <Filter>Source Files</Filter>
    </ClCompile>
    <ClCompile Include="layersdlg.cpp">
      <Filter>Source Files</Filter>
    </ClCompile>
    <ClCompile Include="layerstreeview.cpp">
      <Filter>Source Files</Filter>
    </ClCompile>
    <ClCompile Include="layertreeitem.cpp">
      <Filter>Source Files</Filter>
    </ClCompile>
    <ClCompile Include="licencedlg.cpp">
      <Filter>Source Files</Filter>
    </ClCompile>
    <ClCompile Include="logodisp.cpp">
      <Filter>Source Files</Filter>
    </ClCompile>
    <ClCompile Include="main.cpp">
      <Filter>Source Files</Filter>
    </ClCompile>
    <ClCompile Include="mainwindow.cpp">
      <Filter>Source Files</Filter>
    </ClCompile>
    <ClCompile Include="measureareadlg.cpp">
      <Filter>Source Files</Filter>
    </ClCompile>
    <ClCompile Include="mediaplayer.cpp">
      <Filter>Source Files</Filter>
    </ClCompile>
    <ClCompile Include="navbar.cpp">
      <Filter>Source Files</Filter>
    </ClCompile>
    <ClCompile Include="navctrl.cpp">
      <Filter>Source Files</Filter>
    </ClCompile>
    <ClCompile Include="objectadddlg.cpp">
      <Filter>Source Files</Filter>
    </ClCompile>
    <ClCompile Include="objectplaceeditdlg.cpp">
      <Filter>Source Files</Filter>
    </ClCompile>
    <ClCompile Include="objectplacesettingdlg.cpp">
      <Filter>Source Files</Filter>
    </ClCompile>
    <ClCompile Include="optiondlg.cpp">
      <Filter>Source Files</Filter>
    </ClCompile>
    <ClCompile Include="pathdlg.cpp">
      <Filter>Source Files</Filter>
    </ClCompile>
    <ClCompile Include="peopleinfodlg.cpp">
      <Filter>Source Files</Filter>
    </ClCompile>
    <ClCompile Include="peoplesearchdlg.cpp">
      <Filter>Source Files</Filter>
    </ClCompile>
    <ClCompile Include="placedlg.cpp">
      <Filter>Source Files</Filter>
    </ClCompile>
    <ClCompile Include="placefolderdlg.cpp">
      <Filter>Source Files</Filter>
    </ClCompile>
    <ClCompile Include="placemarkdlg.cpp">
      <Filter>Source Files</Filter>
    </ClCompile>
    <ClCompile Include="placemarklist.cpp">
      <Filter>Source Files</Filter>
    </ClCompile>
    <ClCompile Include="placemarkmgr.cpp">
      <Filter>Source Files</Filter>
    </ClCompile>
    <ClCompile Include="plisttablemodel.cpp">
      <Filter>Source Files</Filter>
    </ClCompile>
    <ClCompile Include="pngbrowser.cpp">
      <Filter>Source Files</Filter>
    </ClCompile>
    <ClCompile Include="pngview.cpp">
      <Filter>Source Files</Filter>
    </ClCompile>
    <ClCompile Include="pointmark.cpp">
      <Filter>Source Files</Filter>
    </ClCompile>
    <ClCompile Include="polygondlg.cpp">
      <Filter>Source Files</Filter>
    </ClCompile>
    <ClCompile Include="printdialog.cpp">
      <Filter>Source Files</Filter>
    </ClCompile>
    <ClCompile Include="printoutputdlg.cpp">
      <Filter>Source Files</Filter>
    </ClCompile>
    <ClCompile Include="proxy.cpp">
      <Filter>Source Files</Filter>
    </ClCompile>
    <ClCompile Include="qtsingleapplication\qtlocalpeer.cpp">
      <Filter>Source Files</Filter>
    </ClCompile>
    <ClCompile Include="qtsingleapplication\qtlockedfile.cpp">
      <Filter>Source Files</Filter>
    </ClCompile>
    <ClCompile Include="qtsingleapplication\qtlockedfile_win.cpp">
      <Filter>Source Files</Filter>
    </ClCompile>
    <ClCompile Include="qtsingleapplication\qtsingleapplication.cpp">
      <Filter>Source Files</Filter>
    </ClCompile>
    <ClCompile Include="qtsingleapplication\qtsinglecoreapplication.cpp">
      <Filter>Source Files</Filter>
    </ClCompile>
    <ClCompile Include="rendercursor.cpp">
      <Filter>Source Files</Filter>
    </ClCompile>
    <ClCompile Include="renderfrm.cpp">
      <Filter>Source Files</Filter>
    </ClCompile>
    <ClCompile Include="rendertext.cpp">
      <Filter>Source Files</Filter>
    </ClCompile>
    <ClCompile Include="resulttreeview.cpp">
      <Filter>Source Files</Filter>
    </ClCompile>
    <ClCompile Include="rulerdlg.cpp">
      <Filter>Source Files</Filter>
    </ClCompile>
    <ClCompile Include="searchdlg.cpp">
      <Filter>Source Files</Filter>
    </ClCompile>
    <ClCompile Include="searchthread.cpp">
      <Filter>Source Files</Filter>
    </ClCompile>
    <ClCompile Include="shapecolorpick.cpp">
      <Filter>Source Files</Filter>
    </ClCompile>
    <ClCompile Include="sidebar.cpp">
      <Filter>Source Files</Filter>
    </ClCompile>
    <ClCompile Include="srvconfdlg.cpp">
      <Filter>Source Files</Filter>
    </ClCompile>
    <ClCompile Include="timelinewidget.cpp">
      <Filter>Source Files</Filter>
    </ClCompile>
    <ClCompile Include="tinywebbrowser.cpp">
      <Filter>Source Files</Filter>
    </ClCompile>
    <ClCompile Include="tourplaybar.cpp">
      <Filter>Source Files</Filter>
    </ClCompile>
    <ClCompile Include="treeitem.cpp">
      <Filter>Source Files</Filter>
    </ClCompile>
    <ClCompile Include="treeitemdelegate.cpp">
      <Filter>Source Files</Filter>
    </ClCompile>
    <ClCompile Include="treeitemedit.cpp">
      <Filter>Source Files</Filter>
    </ClCompile>
    <ClCompile Include="treeitemmodel.cpp">
      <Filter>Source Files</Filter>
    </ClCompile>
    <ClCompile Include="videokeyframedlg.cpp">
      <Filter>Source Files</Filter>
    </ClCompile>
    <ClCompile Include="videowebview.cpp">
      <Filter>Source Files</Filter>
    </ClCompile>
    <ClCompile Include="GeneratedFiles\qrc_gdemclient.cpp">
      <Filter>Generated Files</Filter>
    </ClCompile>
    <ClCompile Include="stable.h.cpp">
      <Filter>Generated Files</Filter>
    </ClCompile>
    <ClCompile Include="sysdlg\colordialog.cpp">
      <Filter>sysdlg</Filter>
    </ClCompile>
    <ClCompile Include="sysdlg\filedialog.cpp">
      <Filter>sysdlg</Filter>
    </ClCompile>
    <ClCompile Include="GeneratedFiles\Debug\moc_aboutdlg.cpp">
      <Filter>Generated Files\Debug</Filter>
    </ClCompile>
    <ClCompile Include="GeneratedFiles\Debug\moc_animationdlg.cpp">
      <Filter>Generated Files\Debug</Filter>
    </ClCompile>
    <ClCompile Include="GeneratedFiles\Debug\moc_animationmgr.cpp">
      <Filter>Generated Files\Debug</Filter>
    </ClCompile>
    <ClCompile Include="GeneratedFiles\Debug\moc_asdtextdelegate.cpp">
      <Filter>Generated Files\Debug</Filter>
    </ClCompile>
    <ClCompile Include="GeneratedFiles\Debug\moc_buildingpropdlg.cpp">
      <Filter>Generated Files\Debug</Filter>
    </ClCompile>
    <ClCompile Include="GeneratedFiles\Debug\moc_buildingsearchdlg.cpp">
      <Filter>Generated Files\Debug</Filter>
    </ClCompile>
    <ClCompile Include="GeneratedFiles\Debug\moc_calcprogressdlg.cpp">
      <Filter>Generated Files\Debug</Filter>
    </ClCompile>
    <ClCompile Include="GeneratedFiles\Debug\moc_camerakeyframedlg.cpp">
      <Filter>Generated Files\Debug</Filter>
    </ClCompile>
    <ClCompile Include="GeneratedFiles\Debug\moc_carsimctrl.cpp">
      <Filter>Generated Files\Debug</Filter>
    </ClCompile>
    <ClCompile Include="GeneratedFiles\Debug\moc_colordialog.cpp">
      <Filter>Generated Files\Debug</Filter>
    </ClCompile>
    <ClCompile Include="GeneratedFiles\Debug\moc_colorrampdlg.cpp">
      <Filter>Generated Files\Debug</Filter>
    </ClCompile>
    <ClCompile Include="GeneratedFiles\Debug\moc_contourdlg.cpp">
      <Filter>Generated Files\Debug</Filter>
    </ClCompile>
    <ClCompile Include="GeneratedFiles\Debug\moc_dbpathsetting.cpp">
      <Filter>Generated Files\Debug</Filter>
    </ClCompile>
    <ClCompile Include="GeneratedFiles\Debug\moc_directorydialog.cpp">
      <Filter>Generated Files\Debug</Filter>
    </ClCompile>
    <ClCompile Include="GeneratedFiles\Debug\moc_filedialog.cpp">
      <Filter>Generated Files\Debug</Filter>
    </ClCompile>
    <ClCompile Include="GeneratedFiles\Debug\moc_flightsimctrl.cpp">
      <Filter>Generated Files\Debug</Filter>
    </ClCompile>
    <ClCompile Include="GeneratedFiles\Debug\moc_gotodialog.cpp">
      <Filter>Generated Files\Debug</Filter>
    </ClCompile>
    <ClCompile Include="GeneratedFiles\Debug\moc_keyframedelegate.cpp">
      <Filter>Generated Files\Debug</Filter>
    </ClCompile>
    <ClCompile Include="GeneratedFiles\Debug\moc_layersdlg.cpp">
      <Filter>Generated Files\Debug</Filter>
    </ClCompile>
    <ClCompile Include="GeneratedFiles\Debug\moc_layerstreeview.cpp">
      <Filter>Generated Files\Debug</Filter>
    </ClCompile>
    <ClCompile Include="GeneratedFiles\Debug\moc_licencedlg.cpp">
      <Filter>Generated Files\Debug</Filter>
    </ClCompile>
    <ClCompile Include="GeneratedFiles\Debug\moc_mainwindow.cpp">
      <Filter>Generated Files\Debug</Filter>
    </ClCompile>
    <ClCompile Include="GeneratedFiles\Debug\moc_measureareadlg.cpp">
      <Filter>Generated Files\Debug</Filter>
    </ClCompile>
    <ClCompile Include="GeneratedFiles\Debug\moc_mediaplayer.cpp">
      <Filter>Generated Files\Debug</Filter>
    </ClCompile>
    <ClCompile Include="GeneratedFiles\Debug\moc_navbar.cpp">
      <Filter>Generated Files\Debug</Filter>
    </ClCompile>
    <ClCompile Include="GeneratedFiles\Debug\moc_objectadddlg.cpp">
      <Filter>Generated Files\Debug</Filter>
    </ClCompile>
    <ClCompile Include="GeneratedFiles\Debug\moc_objectplaceeditdlg.cpp">
      <Filter>Generated Files\Debug</Filter>
    </ClCompile>
    <ClCompile Include="GeneratedFiles\Debug\moc_objectplacesettingdlg.cpp">
      <Filter>Generated Files\Debug</Filter>
    </ClCompile>
    <ClCompile Include="GeneratedFiles\Debug\moc_optiondlg.cpp">
      <Filter>Generated Files\Debug</Filter>
    </ClCompile>
    <ClCompile Include="GeneratedFiles\Debug\moc_pathdlg.cpp">
      <Filter>Generated Files\Debug</Filter>
    </ClCompile>
    <ClCompile Include="GeneratedFiles\Debug\moc_peopleinfodlg.cpp">
      <Filter>Generated Files\Debug</Filter>
    </ClCompile>
    <ClCompile Include="GeneratedFiles\Debug\moc_peoplesearchdlg.cpp">
      <Filter>Generated Files\Debug</Filter>
    </ClCompile>
    <ClCompile Include="GeneratedFiles\Debug\moc_placedlg.cpp">
      <Filter>Generated Files\Debug</Filter>
    </ClCompile>
    <ClCompile Include="GeneratedFiles\Debug\moc_placefolderdlg.cpp">
      <Filter>Generated Files\Debug</Filter>
    </ClCompile>
    <ClCompile Include="GeneratedFiles\Debug\moc_placemarkdlg.cpp">
      <Filter>Generated Files\Debug</Filter>
    </ClCompile>
    <ClCompile Include="GeneratedFiles\Debug\moc_plisttablemodel.cpp">
      <Filter>Generated Files\Debug</Filter>
    </ClCompile>
    <ClCompile Include="GeneratedFiles\Debug\moc_pngbrowser.cpp">
      <Filter>Generated Files\Debug</Filter>
    </ClCompile>
    <ClCompile Include="GeneratedFiles\Debug\moc_pngview.cpp">
      <Filter>Generated Files\Debug</Filter>
    </ClCompile>
    <ClCompile Include="GeneratedFiles\Debug\moc_polygondlg.cpp">
      <Filter>Generated Files\Debug</Filter>
    </ClCompile>
    <ClCompile Include="GeneratedFiles\Debug\moc_printdialog.cpp">
      <Filter>Generated Files\Debug</Filter>
    </ClCompile>
    <ClCompile Include="GeneratedFiles\Debug\moc_printoutputdlg.cpp">
      <Filter>Generated Files\Debug</Filter>
    </ClCompile>
    <ClCompile Include="GeneratedFiles\Debug\moc_qtlocalpeer.cpp">
      <Filter>Generated Files\Debug</Filter>
    </ClCompile>
    <ClCompile Include="GeneratedFiles\Debug\moc_qtsingleapplication.cpp">
      <Filter>Generated Files\Debug</Filter>
    </ClCompile>
    <ClCompile Include="GeneratedFiles\Debug\moc_qtsinglecoreapplication.cpp">
      <Filter>Generated Files\Debug</Filter>
    </ClCompile>
    <ClCompile Include="GeneratedFiles\Debug\moc_renderfrm.cpp">
      <Filter>Generated Files\Debug</Filter>
    </ClCompile>
    <ClCompile Include="GeneratedFiles\Debug\moc_resulttreeview.cpp">
      <Filter>Generated Files\Debug</Filter>
    </ClCompile>
    <ClCompile Include="GeneratedFiles\Debug\moc_rulerdlg.cpp">
      <Filter>Generated Files\Debug</Filter>
    </ClCompile>
    <ClCompile Include="GeneratedFiles\Debug\moc_searchdlg.cpp">
      <Filter>Generated Files\Debug</Filter>
    </ClCompile>
    <ClCompile Include="GeneratedFiles\Debug\moc_searchthread.cpp">
      <Filter>Generated Files\Debug</Filter>
    </ClCompile>
    <ClCompile Include="GeneratedFiles\Debug\moc_shapecolorpick.cpp">
      <Filter>Generated Files\Debug</Filter>
    </ClCompile>
    <ClCompile Include="GeneratedFiles\Debug\moc_sidebar.cpp">
      <Filter>Generated Files\Debug</Filter>
    </ClCompile>
    <ClCompile Include="GeneratedFiles\Debug\moc_srvconfdlg.cpp">
      <Filter>Generated Files\Debug</Filter>
    </ClCompile>
    <ClCompile Include="GeneratedFiles\Debug\moc_timelinewidget.cpp">
      <Filter>Generated Files\Debug</Filter>
    </ClCompile>
    <ClCompile Include="GeneratedFiles\Debug\moc_tinywebbrowser.cpp">
      <Filter>Generated Files\Debug</Filter>
    </ClCompile>
    <ClCompile Include="GeneratedFiles\Debug\moc_tourplaybar.cpp">
      <Filter>Generated Files\Debug</Filter>
    </ClCompile>
    <ClCompile Include="GeneratedFiles\Debug\moc_treeitemdelegate.cpp">
      <Filter>Generated Files\Debug</Filter>
    </ClCompile>
    <ClCompile Include="GeneratedFiles\Debug\moc_treeitemmodel.cpp">
      <Filter>Generated Files\Debug</Filter>
    </ClCompile>
    <ClCompile Include="GeneratedFiles\Debug\moc_videokeyframedlg.cpp">
      <Filter>Generated Files\Debug</Filter>
    </ClCompile>
    <ClCompile Include="GeneratedFiles\Debug\moc_videowebview.cpp">
      <Filter>Generated Files\Debug</Filter>
    </ClCompile>
  </ItemGroup>
  <ItemGroup>
    <ClInclude Include="colorXmlParser.h">
      <Filter>Header Files</Filter>
    </ClInclude>
    <ClInclude Include="config.h">
      <Filter>Header Files</Filter>
    </ClInclude>
    <ClInclude Include="..\gdem_common\gdemclientbase.h">
      <Filter>Header Files</Filter>
    </ClInclude>
    <ClInclude Include="gdemcustomstyle.h">
      <Filter>Header Files</Filter>
    </ClInclude>
    <ClInclude Include="guiuty.h">
      <Filter>Header Files</Filter>
    </ClInclude>
    <ClInclude Include="key.h">
      <Filter>Header Files</Filter>
    </ClInclude>
    <ClInclude Include="keyframe.h">
      <Filter>Header Files</Filter>
    </ClInclude>
    <ClInclude Include="layertreeitem.h">
      <Filter>Header Files</Filter>
    </ClInclude>
    <ClInclude Include="logodisp.h">
      <Filter>Header Files</Filter>
    </ClInclude>
    <ClInclude Include="msgdata.h">
      <Filter>Header Files</Filter>
    </ClInclude>
    <ClInclude Include="navctrl.h">
      <Filter>Header Files</Filter>
    </ClInclude>
    <ClInclude Include="navctrldata.h">
      <Filter>Header Files</Filter>
    </ClInclude>
    <ClInclude Include="placemarklist.h">
      <Filter>Header Files</Filter>
    </ClInclude>
    <ClInclude Include="placemarkmgr.h">
      <Filter>Header Files</Filter>
    </ClInclude>
    <ClInclude Include="pointmark.h">
      <Filter>Header Files</Filter>
    </ClInclude>
    <ClInclude Include="proxy.h">
      <Filter>Header Files</Filter>
    </ClInclude>
    <ClInclude Include="qtsingleapplication\qtlockedfile.h">
      <Filter>Header Files</Filter>
    </ClInclude>
    <ClInclude Include="rendercursor.h">
      <Filter>Header Files</Filter>
    </ClInclude>
    <ClInclude Include="rendertext.h">
      <Filter>Header Files</Filter>
    </ClInclude>
    <ClInclude Include="stable.h">
      <Filter>Header Files</Filter>
    </ClInclude>
    <ClInclude Include="tourplayctrldata.h">
      <Filter>Header Files</Filter>
    </ClInclude>
    <ClInclude Include="treeitem.h">
      <Filter>Header Files</Filter>
    </ClInclude>
    <ClInclude Include="treeitemedit.h">
      <Filter>Header Files</Filter>
    </ClInclude>
    <ClInclude Include="generatedfiles\ui_aboutdlg.h">
      <Filter>Generated Files</Filter>
    </ClInclude>
    <ClInclude Include="GeneratedFiles\ui_buildingpropdlg.h">
      <Filter>Generated Files</Filter>
    </ClInclude>
    <ClInclude Include="GeneratedFiles\ui_buildingsearchdlg.h">
      <Filter>Generated Files</Filter>
    </ClInclude>
    <ClInclude Include="generatedfiles\ui_calcprogressdlg.h">
      <Filter>Generated Files</Filter>
    </ClInclude>
    <ClInclude Include="GeneratedFiles\ui_camerakeyframedlg.h">
      <Filter>Generated Files</Filter>
    </ClInclude>
    <ClInclude Include="GeneratedFiles\ui_colorrampdlg.h">
      <Filter>Generated Files</Filter>
    </ClInclude>
    <ClInclude Include="generatedfiles\ui_contourdlg.h">
      <Filter>Generated Files</Filter>
    </ClInclude>
    <ClInclude Include="generatedfiles\ui_dbpathsetting.h">
      <Filter>Generated Files</Filter>
    </ClInclude>
    <ClInclude Include="generatedfiles\ui_directorydialog.h">
      <Filter>Generated Files</Filter>
    </ClInclude>
    <ClInclude Include="GeneratedFiles\ui_gotodialog.h">
      <Filter>Generated Files</Filter>
    </ClInclude>
    <ClInclude Include="generatedfiles\ui_layersdlg.h">
      <Filter>Generated Files</Filter>
    </ClInclude>
    <ClInclude Include="GeneratedFiles\ui_licencedlg.h">
      <Filter>Generated Files</Filter>
    </ClInclude>
    <ClInclude Include="generatedfiles\ui_mainwindow.h">
      <Filter>Generated Files</Filter>
    </ClInclude>
    <ClInclude Include="GeneratedFiles\ui_measureareadlg.h">
      <Filter>Generated Files</Filter>
    </ClInclude>
    <ClInclude Include="GeneratedFiles\ui_objectadddlg.h">
      <Filter>Generated Files</Filter>
    </ClInclude>
    <ClInclude Include="GeneratedFiles\ui_objectplaceeditdlg.h">
      <Filter>Generated Files</Filter>
    </ClInclude>
    <ClInclude Include="GeneratedFiles\ui_objectplacesettingdlg.h">
      <Filter>Generated Files</Filter>
    </ClInclude>
    <ClInclude Include="generatedfiles\ui_optiondlg.h">
      <Filter>Generated Files</Filter>
    </ClInclude>
    <ClInclude Include="generatedfiles\ui_pathdlg.h">
      <Filter>Generated Files</Filter>
    </ClInclude>
    <ClInclude Include="GeneratedFiles\ui_peopleinfodlg.h">
      <Filter>Generated Files</Filter>
    </ClInclude>
    <ClInclude Include="GeneratedFiles\ui_peoplesearchdlg.h">
      <Filter>Generated Files</Filter>
    </ClInclude>
    <ClInclude Include="generatedfiles\ui_placedlg.h">
      <Filter>Generated Files</Filter>
    </ClInclude>
    <ClInclude Include="generatedfiles\ui_placefolderdlg.h">
      <Filter>Generated Files</Filter>
    </ClInclude>
    <ClInclude Include="generatedfiles\ui_placemarkdlg.h">
      <Filter>Generated Files</Filter>
    </ClInclude>
    <ClInclude Include="generatedfiles\ui_polygondlg.h">
      <Filter>Generated Files</Filter>
    </ClInclude>
    <ClInclude Include="generatedfiles\ui_printdlg.h">
      <Filter>Generated Files</Filter>
    </ClInclude>
    <ClInclude Include="generatedfiles\ui_printoutputdlg.h">
      <Filter>Generated Files</Filter>
    </ClInclude>
    <ClInclude Include="generatedfiles\ui_rulerdlg.h">
      <Filter>Generated Files</Filter>
    </ClInclude>
    <ClInclude Include="generatedfiles\ui_searchdlg.h">
      <Filter>Generated Files</Filter>
    </ClInclude>
    <ClInclude Include="GeneratedFiles\ui_shapecolorpick.h">
      <Filter>Generated Files</Filter>
    </ClInclude>
    <ClInclude Include="generatedfiles\ui_srvconfdlg.h">
      <Filter>Generated Files</Filter>
    </ClInclude>
    <ClInclude Include="GeneratedFiles\ui_videokeyframedlg.h">
      <Filter>Generated Files</Filter>
    </ClInclude>
  </ItemGroup>
  <ItemGroup>
    <None Include="translation\geobrowser.ts">
      <Filter>Translation Files</Filter>
    </None>
    <None Include="gdemclient.ico" />
  </ItemGroup>
  <ItemGroup>
    <ResourceCompile Include="gdemclient.rc" />
  </ItemGroup>
  <ItemGroup>
    <CustomBuildStep Include="placemarkcontent\back.png">
      <Filter>Resource Files</Filter>
    </CustomBuildStep>
    <CustomBuildStep Include="placemarkcontent\close.png">
      <Filter>Resource Files</Filter>
    </CustomBuildStep>
    <CustomBuildStep Include="placemarkcontent\play.png">
      <Filter>Resource Files</Filter>
    </CustomBuildStep>
    <CustomBuildStep Include="placemarkcontent\screen.png">
      <Filter>Resource Files</Filter>
    </CustomBuildStep>
    <CustomBuildStep Include="placemarkcontent\titlebar.png">
      <Filter>Resource Files</Filter>
    </CustomBuildStep>
  </ItemGroup>
  <ItemGroup>
    <CustomBuild Include="aboutdlg.h">
      <Filter>Header Files</Filter>
    </CustomBuild>
    <CustomBuild Include="animationdlg.h">
      <Filter>Header Files</Filter>
    </CustomBuild>
    <CustomBuild Include="animationmgr.h">
      <Filter>Header Files</Filter>
    </CustomBuild>
    <CustomBuild Include="asdtextdelegate.h">
      <Filter>Header Files</Filter>
    </CustomBuild>
    <CustomBuild Include="buildingpropdlg.h">
      <Filter>Header Files</Filter>
    </CustomBuild>
    <CustomBuild Include="buildingsearchdlg.h">
      <Filter>Header Files</Filter>
    </CustomBuild>
    <CustomBuild Include="calcprogressdlg.h">
      <Filter>Header Files</Filter>
    </CustomBuild>
    <CustomBuild Include="camerakeyframedlg.h">
      <Filter>Header Files</Filter>
    </CustomBuild>
    <CustomBuild Include="carsimctrl.h">
      <Filter>Header Files</Filter>
    </CustomBuild>
    <CustomBuild Include="colorrampdlg.h">
      <Filter>Header Files</Filter>
    </CustomBuild>
    <CustomBuild Include="contourdlg.h">
      <Filter>Header Files</Filter>
    </CustomBuild>
    <CustomBuild Include="dbpathsetting.h">
      <Filter>Header Files</Filter>
    </CustomBuild>
    <CustomBuild Include="directorydialog.h">
      <Filter>Header Files</Filter>
    </CustomBuild>
    <CustomBuild Include="flightsimctrl.h">
      <Filter>Header Files</Filter>
    </CustomBuild>
    <CustomBuild Include="gdemclient.h">
      <Filter>Header Files</Filter>
    </CustomBuild>
    <CustomBuild Include="gotodialog.h">
      <Filter>Header Files</Filter>
    </CustomBuild>
    <CustomBuild Include="keyframedelegate.h">
      <Filter>Header Files</Filter>
    </CustomBuild>
    <CustomBuild Include="layersdlg.h">
      <Filter>Header Files</Filter>
    </CustomBuild>
    <CustomBuild Include="layerstreeview.h">
      <Filter>Header Files</Filter>
    </CustomBuild>
    <CustomBuild Include="licencedlg.h">
      <Filter>Header Files</Filter>
    </CustomBuild>
    <CustomBuild Include="mainwindow.h">
      <Filter>Header Files</Filter>
    </CustomBuild>
    <CustomBuild Include="measureareadlg.h">
      <Filter>Header Files</Filter>
    </CustomBuild>
    <CustomBuild Include="mediaplayer.h">
      <Filter>Header Files</Filter>
    </CustomBuild>
    <CustomBuild Include="navbar.h">
      <Filter>Header Files</Filter>
    </CustomBuild>
    <CustomBuild Include="objectadddlg.h">
      <Filter>Header Files</Filter>
    </CustomBuild>
    <CustomBuild Include="objectplaceeditdlg.h">
      <Filter>Header Files</Filter>
    </CustomBuild>
    <CustomBuild Include="objectplacesettingdlg.h">
      <Filter>Header Files</Filter>
    </CustomBuild>
    <CustomBuild Include="optiondlg.h">
      <Filter>Header Files</Filter>
    </CustomBuild>
    <CustomBuild Include="pathdlg.h">
      <Filter>Header Files</Filter>
    </CustomBuild>
    <CustomBuild Include="peopleinfodlg.h">
      <Filter>Header Files</Filter>
    </CustomBuild>
    <CustomBuild Include="peoplesearchdlg.h">
      <Filter>Header Files</Filter>
    </CustomBuild>
    <CustomBuild Include="placedlg.h">
      <Filter>Header Files</Filter>
    </CustomBuild>
    <CustomBuild Include="placefolderdlg.h">
      <Filter>Header Files</Filter>
    </CustomBuild>
    <CustomBuild Include="placemarkdlg.h">
      <Filter>Header Files</Filter>
    </CustomBuild>
    <CustomBuild Include="plisttablemodel.h">
      <Filter>Header Files</Filter>
    </CustomBuild>
    <CustomBuild Include="pngbrowser.h">
      <Filter>Header Files</Filter>
    </CustomBuild>
    <CustomBuild Include="pngview.h">
      <Filter>Header Files</Filter>
    </CustomBuild>
    <CustomBuild Include="polygondlg.h">
      <Filter>Header Files</Filter>
    </CustomBuild>
    <CustomBuild Include="printdialog.h">
      <Filter>Header Files</Filter>
    </CustomBuild>
    <CustomBuild Include="printoutputdlg.h">
      <Filter>Header Files</Filter>
    </CustomBuild>
    <CustomBuild Include="qtsingleapplication\qtlocalpeer.h">
      <Filter>Header Files</Filter>
    </CustomBuild>
    <CustomBuild Include="qtsingleapplication\qtsingleapplication.h">
      <Filter>Header Files</Filter>
    </CustomBuild>
    <CustomBuild Include="qtsingleapplication\qtsinglecoreapplication.h">
      <Filter>Header Files</Filter>
    </CustomBuild>
    <CustomBuild Include="renderfrm.h">
      <Filter>Header Files</Filter>
    </CustomBuild>
    <CustomBuild Include="resulttreeview.h">
      <Filter>Header Files</Filter>
    </CustomBuild>
    <CustomBuild Include="rulerdlg.h">
      <Filter>Header Files</Filter>
    </CustomBuild>
    <CustomBuild Include="searchdlg.h">
      <Filter>Header Files</Filter>
    </CustomBuild>
    <CustomBuild Include="searchthread.h">
      <Filter>Header Files</Filter>
    </CustomBuild>
    <CustomBuild Include="shapecolorpick.h">
      <Filter>Header Files</Filter>
    </CustomBuild>
    <CustomBuild Include="sidebar.h">
      <Filter>Header Files</Filter>
    </CustomBuild>
    <CustomBuild Include="srvconfdlg.h">
      <Filter>Header Files</Filter>
    </CustomBuild>
    <CustomBuild Include="timelinewidget.h">
      <Filter>Header Files</Filter>
    </CustomBuild>
    <CustomBuild Include="tinywebbrowser.h">
      <Filter>Header Files</Filter>
    </CustomBuild>
    <CustomBuild Include="tourplaybar.h">
      <Filter>Header Files</Filter>
    </CustomBuild>
    <CustomBuild Include="treeitemdelegate.h">
      <Filter>Header Files</Filter>
    </CustomBuild>
    <CustomBuild Include="treeitemmodel.h">
      <Filter>Header Files</Filter>
    </CustomBuild>
    <CustomBuild Include="videokeyframedlg.h">
      <Filter>Header Files</Filter>
    </CustomBuild>
    <CustomBuild Include="videowebview.h">
      <Filter>Header Files</Filter>
    </CustomBuild>
    <CustomBuild Include="aboutdlg.ui">
      <Filter>Form Files</Filter>
    </CustomBuild>
    <CustomBuild Include="buildingpropdlg.ui">
      <Filter>Form Files</Filter>
    </CustomBuild>
    <CustomBuild Include="buildingsearchdlg.ui">
      <Filter>Form Files</Filter>
    </CustomBuild>
    <CustomBuild Include="calcprogressdlg.ui">
      <Filter>Form Files</Filter>
    </CustomBuild>
    <CustomBuild Include="camerakeyframedlg.ui">
      <Filter>Form Files</Filter>
    </CustomBuild>
    <CustomBuild Include="colorrampdlg.ui">
      <Filter>Form Files</Filter>
    </CustomBuild>
    <CustomBuild Include="contourdlg.ui">
      <Filter>Form Files</Filter>
    </CustomBuild>
    <CustomBuild Include="dbpathsetting.ui">
      <Filter>Form Files</Filter>
    </CustomBuild>
    <CustomBuild Include="directorydialog.ui">
      <Filter>Form Files</Filter>
    </CustomBuild>
    <CustomBuild Include="gotodialog.ui">
      <Filter>Form Files</Filter>
    </CustomBuild>
    <CustomBuild Include="layersdlg.ui">
      <Filter>Form Files</Filter>
    </CustomBuild>
    <CustomBuild Include="licencedlg.ui">
      <Filter>Form Files</Filter>
    </CustomBuild>
    <CustomBuild Include="mainwindow.ui">
      <Filter>Form Files</Filter>
    </CustomBuild>
    <CustomBuild Include="measureareadlg.ui">
      <Filter>Form Files</Filter>
    </CustomBuild>
    <CustomBuild Include="objectadddlg.ui">
      <Filter>Form Files</Filter>
    </CustomBuild>
    <CustomBuild Include="objectplaceeditdlg.ui">
      <Filter>Form Files</Filter>
    </CustomBuild>
    <CustomBuild Include="objectplacesettingdlg.ui">
      <Filter>Form Files</Filter>
    </CustomBuild>
    <CustomBuild Include="optiondlg.ui">
      <Filter>Form Files</Filter>
    </CustomBuild>
    <CustomBuild Include="pathdlg.ui">
      <Filter>Form Files</Filter>
    </CustomBuild>
    <CustomBuild Include="peopleinfodlg.ui">
      <Filter>Form Files</Filter>
    </CustomBuild>
    <CustomBuild Include="peoplesearchdlg.ui">
      <Filter>Form Files</Filter>
    </CustomBuild>
    <CustomBuild Include="placedlg.ui">
      <Filter>Form Files</Filter>
    </CustomBuild>
    <CustomBuild Include="placefolderdlg.ui">
      <Filter>Form Files</Filter>
    </CustomBuild>
    <CustomBuild Include="placemarkdlg.ui">
      <Filter>Form Files</Filter>
    </CustomBuild>
    <CustomBuild Include="polygondlg.ui">
      <Filter>Form Files</Filter>
    </CustomBuild>
    <CustomBuild Include="printdlg.ui">
      <Filter>Form Files</Filter>
    </CustomBuild>
    <CustomBuild Include="printoutputdlg.ui">
      <Filter>Form Files</Filter>
    </CustomBuild>
    <CustomBuild Include="rulerdlg.ui">
      <Filter>Form Files</Filter>
    </CustomBuild>
    <CustomBuild Include="searchdlg.ui">
      <Filter>Form Files</Filter>
    </CustomBuild>
    <CustomBuild Include="shapecolorpick.ui">
      <Filter>Form Files</Filter>
    </CustomBuild>
    <CustomBuild Include="srvconfdlg.ui">
      <Filter>Form Files</Filter>
    </CustomBuild>
    <CustomBuild Include="videokeyframedlg.ui">
      <Filter>Form Files</Filter>
    </CustomBuild>
    <CustomBuild Include="sysdlg\colordialog.h">
      <Filter>sysdlg</Filter>
    </CustomBuild>
    <CustomBuild Include="sysdlg\filedialog.h">
      <Filter>sysdlg</Filter>
    </CustomBuild>
    <CustomBuild Include="gdemclient.qrc">
      <Filter>Resource Files</Filter>
    </CustomBuild>
  </ItemGroup>
</Project>