Microsoft Visual Studio Solution File, Format Version 12.00
# Visual Studio Version 17
VisualStudioVersion = 17.0.31903.59
MinimumVisualStudioVersion = 10.0.40219.1
Project("{8BC9CEB8-8B4A-11D0-8D11-00A0C91BC942}") = "gds_common", "gds_common\gds_common_vs2022.vcxproj", "{EE35E924-A719-3CD2-A783-419F459D46C3}"
	ProjectSection(ProjectDependencies) = postProject
		{4D0319F1-74AE-4DC5-A23E-C1048234F9FF} = {4D0319F1-74AE-4DC5-A23E-C1048234F9FF}
	EndProjectSection
EndProject
Project("{8BC9CEB8-8B4A-11D0-8D11-00A0C91BC942}") = "gds_core", "gds_core\gds_core_vs2022.vcxproj", "{49155AB3-AF1F-358A-9897-BBDC8E3DB739}"
	ProjectSection(ProjectDependencies) = postProject
		{4D0319F1-74AE-4DC5-A23E-C1048234F9FF} = {4D0319F1-74AE-4DC5-A23E-C1048234F9FF}
		{3C7450D2-AB13-398C-BCB3-EE39449E38AE} = {3C7450D2-AB13-398C-BCB3-EE39449E38AE}
		{7AB4E2A2-54BF-3FBE-996B-F28DCC0A9896} = {7AB4E2A2-54BF-3FBE-996B-F28DCC0A9896}
		{EE35E924-A719-3CD2-A783-419F459D46C3} = {EE35E924-A719-3CD2-A783-419F459D46C3}
	EndProjectSection
EndProject
Project("{8BC9CEB8-8B4A-11D0-8D11-00A0C91BC942}") = "gds_database", "gds_database\gds_database_vs2022.vcxproj", "{3C7450D2-AB13-398C-BCB3-EE39449E38AE}"
	ProjectSection(ProjectDependencies) = postProject
		{4D0319F1-74AE-4DC5-A23E-C1048234F9FF} = {4D0319F1-74AE-4DC5-A23E-C1048234F9FF}
		{EE35E924-A719-3CD2-A783-419F459D46C3} = {EE35E924-A719-3CD2-A783-419F459D46C3}
	EndProjectSection
EndProject
Project("{8BC9CEB8-8B4A-11D0-8D11-00A0C91BC942}") = "gds_network", "gds_network\gds_network_vs2022.vcxproj", "{7AB4E2A2-54BF-3FBE-996B-F28DCC0A9896}"
	ProjectSection(ProjectDependencies) = postProject
		{4D0319F1-74AE-4DC5-A23E-C1048234F9FF} = {4D0319F1-74AE-4DC5-A23E-C1048234F9FF}
		{EE35E924-A719-3CD2-A783-419F459D46C3} = {EE35E924-A719-3CD2-A783-419F459D46C3}
	EndProjectSection
EndProject
Project("{8BC9CEB8-8B4A-11D0-8D11-00A0C91BC942}") = "gds_testapp", "gds_testapp\gds_testapp_vs2022.vcxproj", "{5CC37D01-90E4-38D4-A2CE-6C41FC1FB725}"
	ProjectSection(ProjectDependencies) = postProject
		{4D0319F1-74AE-4DC5-A23E-C1048234F9FF} = {4D0319F1-74AE-4DC5-A23E-C1048234F9FF}
		{3C7450D2-AB13-398C-BCB3-EE39449E38AE} = {3C7450D2-AB13-398C-BCB3-EE39449E38AE}
		{49155AB3-AF1F-358A-9897-BBDC8E3DB739} = {49155AB3-AF1F-358A-9897-BBDC8E3DB739}
		{7AB4E2A2-54BF-3FBE-996B-F28DCC0A9896} = {7AB4E2A2-54BF-3FBE-996B-F28DCC0A9896}
		{EE35E924-A719-3CD2-A783-419F459D46C3} = {EE35E924-A719-3CD2-A783-419F459D46C3}
	EndProjectSection
EndProject
Project("{8BC9CEB8-8B4A-11D0-8D11-00A0C91BC942}") = "gds_service", "gds_service\gds_service_vs2022.vcxproj", "{3AD4FFF9-4441-3080-9510-55D25376662C}"
	ProjectSection(ProjectDependencies) = postProject
		{4D0319F1-74AE-4DC5-A23E-C1048234F9FF} = {4D0319F1-74AE-4DC5-A23E-C1048234F9FF}
		{A4D25CB4-A74B-4830-9032-6CF3C4387495} = {A4D25CB4-A74B-4830-9032-6CF3C4387495}
		{49155AB3-AF1F-358A-9897-BBDC8E3DB739} = {49155AB3-AF1F-358A-9897-BBDC8E3DB739}
	EndProjectSection
EndProject
Project("{8BC9CEB8-8B4A-11D0-8D11-00A0C91BC942}") = "gds_service_common", "gds_service_common\gds_qtservice_common_vs2022.vcxproj", "{A4D25CB4-A74B-4830-9032-6CF3C4387495}"
EndProject
Project("{8BC9CEB8-8B4A-11D0-8D11-00A0C91BC942}") = "gdem_common", "gdem_common\gdem_common_vs2022.vcxproj", "{4D0319F1-74AE-4DC5-A23E-C1048234F9FF}"
EndProject
Project("{8BC9CEB8-8B4A-11D0-8D11-00A0C91BC942}") = "gds_service_monitoring", "gds_service_monitoring\gds_service_monitoring_vs2022.vcxproj", "{BFC1C629-1360-49AD-ACF1-98136E7AC48B}"
	ProjectSection(ProjectDependencies) = postProject
		{3AD4FFF9-4441-3080-9510-55D25376662C} = {3AD4FFF9-4441-3080-9510-55D25376662C}
		{A4D25CB4-A74B-4830-9032-6CF3C4387495} = {A4D25CB4-A74B-4830-9032-6CF3C4387495}
	EndProjectSection
EndProject
Project("{8BC9CEB8-8B4A-11D0-8D11-00A0C91BC942}") = "gds_service_config", "gds_service_config\gds_service_config_vs2022.vcxproj", "{E3A47B38-CC72-3BD6-ADC2-FF83922AEDE0}"
	ProjectSection(ProjectDependencies) = postProject
		{EE35E924-A719-3CD2-A783-419F459D46C3} = {EE35E924-A719-3CD2-A783-419F459D46C3}
		{4D0319F1-74AE-4DC5-A23E-C1048234F9FF} = {4D0319F1-74AE-4DC5-A23E-C1048234F9FF}
	EndProjectSection
EndProject
Global
	GlobalSection(SolutionConfigurationPlatforms) = preSolution
		Debug|x64 = Debug|x64
		Release|x64 = Release|x64
	EndGlobalSection
	GlobalSection(ProjectConfigurationPlatforms) = postSolution
		{EE35E924-A719-3CD2-A783-419F459D46C3}.Debug|x64.ActiveCfg = Debug|x64
		{EE35E924-A719-3CD2-A783-419F459D46C3}.Debug|x64.Build.0 = Debug|x64
		{EE35E924-A719-3CD2-A783-419F459D46C3}.Release|x64.ActiveCfg = Release|x64
		{EE35E924-A719-3CD2-A783-419F459D46C3}.Release|x64.Build.0 = Release|x64
		{49155AB3-AF1F-358A-9897-BBDC8E3DB739}.Debug|x64.ActiveCfg = Debug|x64
		{49155AB3-AF1F-358A-9897-BBDC8E3DB739}.Debug|x64.Build.0 = Debug|x64
		{49155AB3-AF1F-358A-9897-BBDC8E3DB739}.Release|x64.ActiveCfg = Release|x64
		{49155AB3-AF1F-358A-9897-BBDC8E3DB739}.Release|x64.Build.0 = Release|x64
		{3C7450D2-AB13-398C-BCB3-EE39449E38AE}.Debug|x64.ActiveCfg = Debug|x64
		{3C7450D2-AB13-398C-BCB3-EE39449E38AE}.Debug|x64.Build.0 = Debug|x64
		{3C7450D2-AB13-398C-BCB3-EE39449E38AE}.Release|x64.ActiveCfg = Release|x64
		{3C7450D2-AB13-398C-BCB3-EE39449E38AE}.Release|x64.Build.0 = Release|x64
		{7AB4E2A2-54BF-3FBE-996B-F28DCC0A9896}.Debug|x64.ActiveCfg = Debug|x64
		{7AB4E2A2-54BF-3FBE-996B-F28DCC0A9896}.Debug|x64.Build.0 = Debug|x64
		{7AB4E2A2-54BF-3FBE-996B-F28DCC0A9896}.Release|x64.ActiveCfg = Release|x64
		{7AB4E2A2-54BF-3FBE-996B-F28DCC0A9896}.Release|x64.Build.0 = Release|x64
		{5CC37D01-90E4-38D4-A2CE-6C41FC1FB725}.Debug|x64.ActiveCfg = Debug|x64
		{5CC37D01-90E4-38D4-A2CE-6C41FC1FB725}.Debug|x64.Build.0 = Debug|x64
		{5CC37D01-90E4-38D4-A2CE-6C41FC1FB725}.Release|x64.ActiveCfg = Release|x64
		{5CC37D01-90E4-38D4-A2CE-6C41FC1FB725}.Release|x64.Build.0 = Release|x64
		{3AD4FFF9-4441-3080-9510-55D25376662C}.Debug|x64.ActiveCfg = Debug|x64
		{3AD4FFF9-4441-3080-9510-55D25376662C}.Debug|x64.Build.0 = Debug|x64
		{3AD4FFF9-4441-3080-9510-55D25376662C}.Release|x64.ActiveCfg = Release|x64
		{3AD4FFF9-4441-3080-9510-55D25376662C}.Release|x64.Build.0 = Release|x64
		{A4D25CB4-A74B-4830-9032-6CF3C4387495}.Debug|x64.ActiveCfg = Debug|x64
		{A4D25CB4-A74B-4830-9032-6CF3C4387495}.Debug|x64.Build.0 = Debug|x64
		{A4D25CB4-A74B-4830-9032-6CF3C4387495}.Release|x64.ActiveCfg = Release|x64
		{A4D25CB4-A74B-4830-9032-6CF3C4387495}.Release|x64.Build.0 = Release|x64
		{4D0319F1-74AE-4DC5-A23E-C1048234F9FF}.Debug|x64.ActiveCfg = Debug|x64
		{4D0319F1-74AE-4DC5-A23E-C1048234F9FF}.Debug|x64.Build.0 = Debug|x64
		{4D0319F1-74AE-4DC5-A23E-C1048234F9FF}.Release|x64.ActiveCfg = Release|x64
		{4D0319F1-74AE-4DC5-A23E-C1048234F9FF}.Release|x64.Build.0 = Release|x64
		{BFC1C629-1360-49AD-ACF1-98136E7AC48B}.Debug|x64.ActiveCfg = Debug|x64
		{BFC1C629-1360-49AD-ACF1-98136E7AC48B}.Debug|x64.Build.0 = Debug|x64
		{BFC1C629-1360-49AD-ACF1-98136E7AC48B}.Release|x64.ActiveCfg = Release|x64
		{BFC1C629-1360-49AD-ACF1-98136E7AC48B}.Release|x64.Build.0 = Release|x64
		{E3A47B38-CC72-3BD6-ADC2-FF83922AEDE0}.Debug|x64.ActiveCfg = Debug|x64
		{E3A47B38-CC72-3BD6-ADC2-FF83922AEDE0}.Debug|x64.Build.0 = Debug|x64
		{E3A47B38-CC72-3BD6-ADC2-FF83922AEDE0}.Release|x64.ActiveCfg = Release|x64
		{E3A47B38-CC72-3BD6-ADC2-FF83922AEDE0}.Release|x64.Build.0 = Release|x64
	EndGlobalSection
	GlobalSection(SolutionProperties) = preSolution
		HideSolutionNode = FALSE
	EndGlobalSection
	GlobalSection(ExtensibilityGlobals) = postSolution
		QtVersion = 5.15.18
	EndGlobalSection
EndGlobal
