Microsoft Visual Studio Solution File, Format Version 9.00
# Visual Studio 2005
Project("{8BC9CEB8-8B4A-11D0-8D11-00A0C91BC942}") = "gds_common", "gds_common\gds_common_vc9.vcproj", "{EE35E924-A719-3CD2-A783-419F459D46C3}"
	ProjectSection(ProjectDependencies) = postProject
		{4D0319F1-74AE-4DC5-A23E-C1048234F9FF} = {4D0319F1-74AE-4DC5-A23E-C1048234F9FF}
	EndProjectSection
EndProject
Project("{8BC9CEB8-8B4A-11D0-8D11-00A0C91BC942}") = "gds_core", "gds_core\gds_core_vc9.vcproj", "{49155AB3-AF1F-358A-9897-BBDC8E3DB739}"
	ProjectSection(ProjectDependencies) = postProject
		{4D0319F1-74AE-4DC5-A23E-C1048234F9FF} = {4D0319F1-74AE-4DC5-A23E-C1048234F9FF}
		{3C7450D2-AB13-398C-BCB3-EE39449E38AE} = {3C7450D2-AB13-398C-BCB3-EE39449E38AE}
		{7AB4E2A2-54BF-3FBE-996B-F28DCC0A9896} = {7AB4E2A2-54BF-3FBE-996B-F28DCC0A9896}
		{EE35E924-A719-3CD2-A783-419F459D46C3} = {EE35E924-A719-3CD2-A783-419F459D46C3}
	EndProjectSection
EndProject
Project("{8BC9CEB8-8B4A-11D0-8D11-00A0C91BC942}") = "gds_database", "gds_database\gds_database_vc9.vcproj", "{3C7450D2-AB13-398C-BCB3-EE39449E38AE}"
	ProjectSection(ProjectDependencies) = postProject
		{4D0319F1-74AE-4DC5-A23E-C1048234F9FF} = {4D0319F1-74AE-4DC5-A23E-C1048234F9FF}
		{EE35E924-A719-3CD2-A783-419F459D46C3} = {EE35E924-A719-3CD2-A783-419F459D46C3}
	EndProjectSection
EndProject
Project("{8BC9CEB8-8B4A-11D0-8D11-00A0C91BC942}") = "gds_network", "gds_network\gds_network_vc9.vcproj", "{7AB4E2A2-54BF-3FBE-996B-F28DCC0A9896}"
	ProjectSection(ProjectDependencies) = postProject
		{4D0319F1-74AE-4DC5-A23E-C1048234F9FF} = {4D0319F1-74AE-4DC5-A23E-C1048234F9FF}
		{EE35E924-A719-3CD2-A783-419F459D46C3} = {EE35E924-A719-3CD2-A783-419F459D46C3}
	EndProjectSection
EndProject
Project("{8BC9CEB8-8B4A-11D0-8D11-00A0C91BC942}") = "gds_testapp", "gds_testapp\gds_testapp_vc9.vcproj", "{5CC37D01-90E4-38D4-A2CE-6C41FC1FB725}"
	ProjectSection(ProjectDependencies) = postProject
		{4D0319F1-74AE-4DC5-A23E-C1048234F9FF} = {4D0319F1-74AE-4DC5-A23E-C1048234F9FF}
		{3C7450D2-AB13-398C-BCB3-EE39449E38AE} = {3C7450D2-AB13-398C-BCB3-EE39449E38AE}
		{49155AB3-AF1F-358A-9897-BBDC8E3DB739} = {49155AB3-AF1F-358A-9897-BBDC8E3DB739}
		{7AB4E2A2-54BF-3FBE-996B-F28DCC0A9896} = {7AB4E2A2-54BF-3FBE-996B-F28DCC0A9896}
		{EE35E924-A719-3CD2-A783-419F459D46C3} = {EE35E924-A719-3CD2-A783-419F459D46C3}
	EndProjectSection
EndProject
Project("{8BC9CEB8-8B4A-11D0-8D11-00A0C91BC942}") = "gds_service", "gds_service\gds_service_vc9.vcproj", "{3AD4FFF9-4441-3080-9510-55D25376662C}"
	ProjectSection(ProjectDependencies) = postProject
		{4D0319F1-74AE-4DC5-A23E-C1048234F9FF} = {4D0319F1-74AE-4DC5-A23E-C1048234F9FF}
		{A4D25CB4-A74B-4830-9032-6CF3C4387495} = {A4D25CB4-A74B-4830-9032-6CF3C4387495}
		{49155AB3-AF1F-358A-9897-BBDC8E3DB739} = {49155AB3-AF1F-358A-9897-BBDC8E3DB739}
	EndProjectSection
EndProject
Project("{8BC9CEB8-8B4A-11D0-8D11-00A0C91BC942}") = "gds_service_common", "gds_service_common\gds_qtservice_common_vc9.vcproj", "{A4D25CB4-A74B-4830-9032-6CF3C4387495}"
EndProject
Project("{8BC9CEB8-8B4A-11D0-8D11-00A0C91BC942}") = "gdem_common", "gdem_common\gdem_common_vc9.vcproj", "{4D0319F1-74AE-4DC5-A23E-C1048234F9FF}"
EndProject
Project("{8BC9CEB8-8B4A-11D0-8D11-00A0C91BC942}") = "gds_service_monitoring", "gds_service_monitoring\gds_service_monitoring_vc9.vcproj", "{BFC1C629-1360-49AD-ACF1-98136E7AC48B}"
	ProjectSection(ProjectDependencies) = postProject
		{3AD4FFF9-4441-3080-9510-55D25376662C} = {3AD4FFF9-4441-3080-9510-55D25376662C}
		{A4D25CB4-A74B-4830-9032-6CF3C4387495} = {A4D25CB4-A74B-4830-9032-6CF3C4387495}
	EndProjectSection
EndProject
Project("{8BC9CEB8-8B4A-11D0-8D11-00A0C91BC942}") = "gds_service_config", "gds_service_config\gds_service_config_vc9.vcproj", "{E3A47B38-CC72-3BD6-ADC2-FF83922AEDE0}"
	ProjectSection(ProjectDependencies) = postProject
		{EE35E924-A719-3CD2-A783-419F459D46C3} = {EE35E924-A719-3CD2-A783-419F459D46C3}
		{4D0319F1-74AE-4DC5-A23E-C1048234F9FF} = {4D0319F1-74AE-4DC5-A23E-C1048234F9FF}
	EndProjectSection
EndProject
Global
	GlobalSection(SolutionConfigurationPlatforms) = preSolution
		Debug|Win32 = Debug|Win32
		Release|Win32 = Release|Win32
	EndGlobalSection
	GlobalSection(ProjectConfigurationPlatforms) = postSolution
		{EE35E924-A719-3CD2-A783-419F459D46C3}.Debug|Win32.ActiveCfg = Debug|Win32
		{EE35E924-A719-3CD2-A783-419F459D46C3}.Debug|Win32.Build.0 = Debug|Win32
		{EE35E924-A719-3CD2-A783-419F459D46C3}.Release|Win32.ActiveCfg = Release|Win32
		{EE35E924-A719-3CD2-A783-419F459D46C3}.Release|Win32.Build.0 = Release|Win32
		{49155AB3-AF1F-358A-9897-BBDC8E3DB739}.Debug|Win32.ActiveCfg = Debug|Win32
		{49155AB3-AF1F-358A-9897-BBDC8E3DB739}.Debug|Win32.Build.0 = Debug|Win32
		{49155AB3-AF1F-358A-9897-BBDC8E3DB739}.Release|Win32.ActiveCfg = Release|Win32
		{49155AB3-AF1F-358A-9897-BBDC8E3DB739}.Release|Win32.Build.0 = Release|Win32
		{3C7450D2-AB13-398C-BCB3-EE39449E38AE}.Debug|Win32.ActiveCfg = Debug|Win32
		{3C7450D2-AB13-398C-BCB3-EE39449E38AE}.Debug|Win32.Build.0 = Debug|Win32
		{3C7450D2-AB13-398C-BCB3-EE39449E38AE}.Release|Win32.ActiveCfg = Release|Win32
		{3C7450D2-AB13-398C-BCB3-EE39449E38AE}.Release|Win32.Build.0 = Release|Win32
		{7AB4E2A2-54BF-3FBE-996B-F28DCC0A9896}.Debug|Win32.ActiveCfg = Debug|Win32
		{7AB4E2A2-54BF-3FBE-996B-F28DCC0A9896}.Debug|Win32.Build.0 = Debug|Win32
		{7AB4E2A2-54BF-3FBE-996B-F28DCC0A9896}.Release|Win32.ActiveCfg = Release|Win32
		{7AB4E2A2-54BF-3FBE-996B-F28DCC0A9896}.Release|Win32.Build.0 = Release|Win32
		{5CC37D01-90E4-38D4-A2CE-6C41FC1FB725}.Debug|Win32.ActiveCfg = Debug|Win32
		{5CC37D01-90E4-38D4-A2CE-6C41FC1FB725}.Debug|Win32.Build.0 = Debug|Win32
		{5CC37D01-90E4-38D4-A2CE-6C41FC1FB725}.Release|Win32.ActiveCfg = Release|Win32
		{5CC37D01-90E4-38D4-A2CE-6C41FC1FB725}.Release|Win32.Build.0 = Release|Win32
		{3AD4FFF9-4441-3080-9510-55D25376662C}.Debug|Win32.ActiveCfg = Debug|Win32
		{3AD4FFF9-4441-3080-9510-55D25376662C}.Debug|Win32.Build.0 = Debug|Win32
		{3AD4FFF9-4441-3080-9510-55D25376662C}.Release|Win32.ActiveCfg = Release|Win32
		{3AD4FFF9-4441-3080-9510-55D25376662C}.Release|Win32.Build.0 = Release|Win32
		{A4D25CB4-A74B-4830-9032-6CF3C4387495}.Debug|Win32.ActiveCfg = Debug|Win32
		{A4D25CB4-A74B-4830-9032-6CF3C4387495}.Debug|Win32.Build.0 = Debug|Win32
		{A4D25CB4-A74B-4830-9032-6CF3C4387495}.Release|Win32.ActiveCfg = Release|Win32
		{A4D25CB4-A74B-4830-9032-6CF3C4387495}.Release|Win32.Build.0 = Release|Win32
		{4D0319F1-74AE-4DC5-A23E-C1048234F9FF}.Debug|Win32.ActiveCfg = Debug|Win32
		{4D0319F1-74AE-4DC5-A23E-C1048234F9FF}.Debug|Win32.Build.0 = Debug|Win32
		{4D0319F1-74AE-4DC5-A23E-C1048234F9FF}.Release|Win32.ActiveCfg = Release|Win32
		{4D0319F1-74AE-4DC5-A23E-C1048234F9FF}.Release|Win32.Build.0 = Release|Win32
		{BFC1C629-1360-49AD-ACF1-98136E7AC48B}.Debug|Win32.ActiveCfg = Debug|Win32
		{BFC1C629-1360-49AD-ACF1-98136E7AC48B}.Debug|Win32.Build.0 = Debug|Win32
		{BFC1C629-1360-49AD-ACF1-98136E7AC48B}.Release|Win32.ActiveCfg = Release|Win32
		{BFC1C629-1360-49AD-ACF1-98136E7AC48B}.Release|Win32.Build.0 = Release|Win32
		{E3A47B38-CC72-3BD6-ADC2-FF83922AEDE0}.Debug|Win32.ActiveCfg = Debug|Win32
		{E3A47B38-CC72-3BD6-ADC2-FF83922AEDE0}.Debug|Win32.Build.0 = Debug|Win32
		{E3A47B38-CC72-3BD6-ADC2-FF83922AEDE0}.Release|Win32.ActiveCfg = Release|Win32
		{E3A47B38-CC72-3BD6-ADC2-FF83922AEDE0}.Release|Win32.Build.0 = Release|Win32
	EndGlobalSection
	GlobalSection(SolutionProperties) = preSolution
		HideSolutionNode = FALSE
	EndGlobalSection
	GlobalSection(ExtensibilityGlobals) = postSolution
		QtVersion = 4.5.2
	EndGlobalSection
EndGlobal
