<?xml version="1.0" encoding="utf-8"?>
<Project ToolsVersion="4.0" xmlns="http://schemas.microsoft.com/developer/msbuild/2003">
  <ItemGroup>
    <Filter Include="Source Files">
      <UniqueIdentifier>{4FC737F1-C7A5-4376-A066-2A32D752A2FF}</UniqueIdentifier>
      <Extensions>cpp;cxx;c;def</Extensions>
    </Filter>
    <Filter Include="Header Files">
      <UniqueIdentifier>{93995380-89BD-4b04-88EB-625FBE52EBFB}</UniqueIdentifier>
      <Extensions>h</Extensions>
    </Filter>
    <Filter Include="Form Files">
      <UniqueIdentifier>{99349809-55BA-4b9d-BF79-8FDBB0286EB3}</UniqueIdentifier>
      <Extensions>ui</Extensions>
    </Filter>
    <Filter Include="Resource Files">
      <UniqueIdentifier>{D9D6E242-F8AF-46E4-B9FD-80ECBC20BA3E}</UniqueIdentifier>
      <Extensions>qrc;*</Extensions>
      <ParseFiles>false</ParseFiles>
    </Filter>
    <Filter Include="Generated Files">
      <UniqueIdentifier>{71ED8ED8-ACB9-4CE9-BBE1-E00B30144E11}</UniqueIdentifier>
      <Extensions>moc;h;cpp</Extensions>
      <SourceControlFiles>False</SourceControlFiles>
    </Filter>
  </ItemGroup>
  <ItemGroup>
    <ClCompile Include="avl.cpp">
      <Filter>Source Files</Filter>
    </ClCompile>
    <ClCompile Include="QGlobe_Aabbox3D.cpp">
      <Filter>Source Files</Filter>
    </ClCompile>
    <ClCompile Include="QGlobe_Coord3D.cpp">
      <Filter>Source Files</Filter>
    </ClCompile>
    <ClCompile Include="QGlobe_Dimension2D.cpp">
      <Filter>Source Files</Filter>
    </ClCompile>
    <ClCompile Include="QGlobe_Line2D.cpp">
      <Filter>Source Files</Filter>
    </ClCompile>
    <ClCompile Include="QGlobe_Line3D.cpp">
      <Filter>Source Files</Filter>
    </ClCompile>
    <ClCompile Include="QGlobe_Location.cpp">
      <Filter>Source Files</Filter>
    </ClCompile>
    <ClCompile Include="QGlobe_Math.cpp">
      <Filter>Source Files</Filter>
    </ClCompile>
    <ClCompile Include="QGlobe_Matrix4.cpp">
      <Filter>Source Files</Filter>
    </ClCompile>
    <ClCompile Include="QGlobe_Mem.cpp">
      <Filter>Source Files</Filter>
    </ClCompile>
    <ClCompile Include="QGlobe_Plane3D.cpp">
      <Filter>Source Files</Filter>
    </ClCompile>
    <ClCompile Include="QGlobe_Position2D.cpp">
      <Filter>Source Files</Filter>
    </ClCompile>
    <ClCompile Include="QGlobe_Quaternion.cpp">
      <Filter>Source Files</Filter>
    </ClCompile>
    <ClCompile Include="QGlobe_Rect.cpp">
      <Filter>Source Files</Filter>
    </ClCompile>
    <ClCompile Include="QGlobe_Triangle3d.cpp">
      <Filter>Source Files</Filter>
    </ClCompile>
    <ClCompile Include="QGlobe_Triangulate.cpp">
      <Filter>Source Files</Filter>
    </ClCompile>
    <ClCompile Include="QGlobe_Vector2D.cpp">
      <Filter>Source Files</Filter>
    </ClCompile>
    <ClCompile Include="QGlobe_Vector3D.cpp">
      <Filter>Source Files</Filter>
    </ClCompile>
  </ItemGroup>
  <ItemGroup>
    <ClInclude Include="avl.h">
      <Filter>Header Files</Filter>
    </ClInclude>
    <ClInclude Include="qglobe_base_global.h">
      <Filter>Header Files</Filter>
    </ClInclude>
    <ClInclude Include="QGlobe_Aabbox3D.h">
      <Filter>Header Files</Filter>
    </ClInclude>
    <ClInclude Include="QGlobe_Allocator.h">
      <Filter>Header Files</Filter>
    </ClInclude>
    <ClInclude Include="QGlobe_Array.h">
      <Filter>Header Files</Filter>
    </ClInclude>
    <ClInclude Include="QGlobe_Coord3D.h">
      <Filter>Header Files</Filter>
    </ClInclude>
    <ClInclude Include="QGlobe_Define.h">
      <Filter>Header Files</Filter>
    </ClInclude>
    <ClInclude Include="QGlobe_Dimension2D.h">
      <Filter>Header Files</Filter>
    </ClInclude>
    <ClInclude Include="QGlobe_Heapsort.h">
      <Filter>Header Files</Filter>
    </ClInclude>
    <ClInclude Include="QGlobe_Line2D.h">
      <Filter>Header Files</Filter>
    </ClInclude>
    <ClInclude Include="QGlobe_Line3D.h">
      <Filter>Header Files</Filter>
    </ClInclude>
    <ClInclude Include="QGlobe_List.h">
      <Filter>Header Files</Filter>
    </ClInclude>
    <ClInclude Include="QGlobe_Location.h">
      <Filter>Header Files</Filter>
    </ClInclude>
    <ClInclude Include="QGlobe_Math.h">
      <Filter>Header Files</Filter>
    </ClInclude>
    <ClInclude Include="QGlobe_Matrix4.h">
      <Filter>Header Files</Filter>
    </ClInclude>
    <ClInclude Include="QGlobe_Mem.h">
      <Filter>Header Files</Filter>
    </ClInclude>
    <ClInclude Include="QGlobe_Plane3D.h">
      <Filter>Header Files</Filter>
    </ClInclude>
    <ClInclude Include="QGlobe_Position2D.h">
      <Filter>Header Files</Filter>
    </ClInclude>
    <ClInclude Include="QGlobe_Quaternion.h">
      <Filter>Header Files</Filter>
    </ClInclude>
    <ClInclude Include="QGlobe_Rect.h">
      <Filter>Header Files</Filter>
    </ClInclude>
    <ClInclude Include="QGlobe_Triangle3d.h">
      <Filter>Header Files</Filter>
    </ClInclude>
    <ClInclude Include="QGlobe_Triangulate.h">
      <Filter>Header Files</Filter>
    </ClInclude>
    <ClInclude Include="QGlobe_Vector2D.h">
      <Filter>Header Files</Filter>
    </ClInclude>
    <ClInclude Include="QGlobe_Vector3D.h">
      <Filter>Header Files</Filter>
    </ClInclude>
  </ItemGroup>
</Project>