<?xml version="1.0" encoding="utf-8"?>
<Project ToolsVersion="4.0" xmlns="http://schemas.microsoft.com/developer/msbuild/2003">
  <ItemGroup>
    <Filter Include="Source Files">
      <UniqueIdentifier>{4FC737F1-C7A5-4376-A066-2A32D752A2FF}</UniqueIdentifier>
      <Extensions>cpp;cxx;c;def</Extensions>
    </Filter>
    <Filter Include="Header Files">
      <UniqueIdentifier>{93995380-89BD-4b04-88EB-625FBE52EBFB}</UniqueIdentifier>
      <Extensions>h</Extensions>
    </Filter>
    <Filter Include="Form Files">
      <UniqueIdentifier>{99349809-55BA-4b9d-BF79-8FDBB0286EB3}</UniqueIdentifier>
      <Extensions>ui</Extensions>
    </Filter>
    <Filter Include="Resource Files">
      <UniqueIdentifier>{D9D6E242-F8AF-46E4-B9FD-80ECBC20BA3E}</UniqueIdentifier>
      <Extensions>qrc;*</Extensions>
      <ParseFiles>false</ParseFiles>
    </Filter>
    <Filter Include="Generated Files">
      <UniqueIdentifier>{71ED8ED8-ACB9-4CE9-BBE1-E00B30144E11}</UniqueIdentifier>
      <Extensions>moc;h;cpp</Extensions>
      <SourceControlFiles>False</SourceControlFiles>
    </Filter>
    <Filter Include="Generated Files\Release">
      <UniqueIdentifier>{5a4ab151-2845-45b6-be2b-a5440d4e15e6}</UniqueIdentifier>
      <Extensions>cpp;moc</Extensions>
      <SourceControlFiles>False</SourceControlFiles>
    </Filter>
    <Filter Include="Generated Files\Debug">
      <UniqueIdentifier>{81c79705-d451-4dc5-87f5-2571a7378a7b}</UniqueIdentifier>
      <Extensions>cpp;moc</Extensions>
      <SourceControlFiles>False</SourceControlFiles>
    </Filter>
  </ItemGroup>
  <ItemGroup>
    <ClCompile Include="browser.cpp">
      <Filter>Source Files</Filter>
    </ClCompile>
    <ClCompile Include="common.cpp">
      <Filter>Source Files</Filter>
    </ClCompile>
    <ClCompile Include="connectionwidget.cpp">
      <Filter>Source Files</Filter>
    </ClCompile>
    <ClCompile Include="dbasefile.cpp">
      <Filter>Source Files</Filter>
    </ClCompile>
    <ClCompile Include="qglobe_tool.cpp">
      <Filter>Source Files</Filter>
    </ClCompile>
    <ClCompile Include="qglobedbextractdlg.cpp">
      <Filter>Source Files</Filter>
    </ClCompile>
    <ClCompile Include="hopedbtoqgblobe.cpp">
      <Filter>Source Files</Filter>
    </ClCompile>
    <ClCompile Include="imagemerge.cpp">
      <Filter>Source Files</Filter>
    </ClCompile>
    <ClCompile Include="imgtilemergedlg.cpp">
      <Filter>Source Files</Filter>
    </ClCompile>
    <ClCompile Include="importmanager.cpp">
      <Filter>Source Files</Filter>
    </ClCompile>
    <ClCompile Include="keygenerator.cpp">
      <Filter>Source Files</Filter>
    </ClCompile>
    <ClCompile Include="latlongtohopeimage.cpp">
      <Filter>Source Files</Filter>
    </ClCompile>
    <ClCompile Include="main.cpp">
      <Filter>Source Files</Filter>
    </ClCompile>
    <ClCompile Include="qsqlconnectiondialog.cpp">
      <Filter>Source Files</Filter>
    </ClCompile>
    <ClCompile Include="renderarea.cpp">
      <Filter>Source Files</Filter>
    </ClCompile>
    <ClCompile Include="shapedraw.cpp">
      <Filter>Source Files</Filter>
    </ClCompile>
    <ClCompile Include="shapeutility.cpp">
      <Filter>Source Files</Filter>
    </ClCompile>
    <ClCompile Include="smpbuildingprodlg.cpp">
      <Filter>Source Files</Filter>
    </ClCompile>
    <ClCompile Include="tilelatlong.cpp">
      <Filter>Source Files</Filter>
    </ClCompile>
    <ClCompile Include="vectorconverter.cpp">
      <Filter>Source Files</Filter>
    </ClCompile>
    <ClCompile Include="writeremovejgw.cpp">
      <Filter>Source Files</Filter>
    </ClCompile>
    <ClCompile Include="GeneratedFiles\qrc_qglobe_tool.cpp">
      <Filter>Generated Files</Filter>
    </ClCompile>
    <ClCompile Include="GeneratedFiles\Release\moc_browser.cpp">
      <Filter>Generated Files\Release</Filter>
    </ClCompile>
    <ClCompile Include="GeneratedFiles\Release\moc_connectionwidget.cpp">
      <Filter>Generated Files\Release</Filter>
    </ClCompile>
    <ClCompile Include="GeneratedFiles\Release\moc_qglobe_tool.cpp">
      <Filter>Generated Files\Release</Filter>
    </ClCompile>
    <ClCompile Include="GeneratedFiles\Release\moc_qglobedbextractdlg.cpp">
      <Filter>Generated Files\Release</Filter>
    </ClCompile>
    <ClCompile Include="GeneratedFiles\Release\moc_hopedbtoqgblobe.cpp">
      <Filter>Generated Files\Release</Filter>
    </ClCompile>
    <ClCompile Include="GeneratedFiles\Release\moc_imagemerge.cpp">
      <Filter>Generated Files\Release</Filter>
    </ClCompile>
    <ClCompile Include="GeneratedFiles\Release\moc_imgtilemergedlg.cpp">
      <Filter>Generated Files\Release</Filter>
    </ClCompile>
    <ClCompile Include="GeneratedFiles\Release\moc_keygenerator.cpp">
      <Filter>Generated Files\Release</Filter>
    </ClCompile>
    <ClCompile Include="GeneratedFiles\Release\moc_latlongtohopeimage.cpp">
      <Filter>Generated Files\Release</Filter>
    </ClCompile>
    <ClCompile Include="GeneratedFiles\Release\moc_qsqlconnectiondialog.cpp">
      <Filter>Generated Files\Release</Filter>
    </ClCompile>
    <ClCompile Include="GeneratedFiles\Release\moc_renderarea.cpp">
      <Filter>Generated Files\Release</Filter>
    </ClCompile>
    <ClCompile Include="GeneratedFiles\Release\moc_shapedraw.cpp">
      <Filter>Generated Files\Release</Filter>
    </ClCompile>
    <ClCompile Include="GeneratedFiles\Release\moc_smpbuildingprodlg.cpp">
      <Filter>Generated Files\Release</Filter>
    </ClCompile>
    <ClCompile Include="GeneratedFiles\Release\moc_tilelatlong.cpp">
      <Filter>Generated Files\Release</Filter>
    </ClCompile>
    <ClCompile Include="GeneratedFiles\Release\moc_vectorconverter.cpp">
      <Filter>Generated Files\Release</Filter>
    </ClCompile>
    <ClCompile Include="GeneratedFiles\Release\moc_writeremovejgw.cpp">
      <Filter>Generated Files\Release</Filter>
    </ClCompile>
    <ClCompile Include="GeneratedFiles\Debug\moc_browser.cpp">
      <Filter>Generated Files\Debug</Filter>
    </ClCompile>
    <ClCompile Include="GeneratedFiles\Debug\moc_connectionwidget.cpp">
      <Filter>Generated Files\Debug</Filter>
    </ClCompile>
    <ClCompile Include="GeneratedFiles\Debug\moc_qglobe_tool.cpp">
      <Filter>Generated Files\Debug</Filter>
    </ClCompile>
    <ClCompile Include="GeneratedFiles\Debug\moc_qglobedbextractdlg.cpp">
      <Filter>Generated Files\Debug</Filter>
    </ClCompile>
    <ClCompile Include="GeneratedFiles\Debug\moc_hopedbtoqgblobe.cpp">
      <Filter>Generated Files\Debug</Filter>
    </ClCompile>
    <ClCompile Include="GeneratedFiles\Debug\moc_imagemerge.cpp">
      <Filter>Generated Files\Debug</Filter>
    </ClCompile>
    <ClCompile Include="GeneratedFiles\Debug\moc_imgtilemergedlg.cpp">
      <Filter>Generated Files\Debug</Filter>
    </ClCompile>
    <ClCompile Include="GeneratedFiles\Debug\moc_keygenerator.cpp">
      <Filter>Generated Files\Debug</Filter>
    </ClCompile>
    <ClCompile Include="GeneratedFiles\Debug\moc_latlongtohopeimage.cpp">
      <Filter>Generated Files\Debug</Filter>
    </ClCompile>
    <ClCompile Include="GeneratedFiles\Debug\moc_qsqlconnectiondialog.cpp">
      <Filter>Generated Files\Debug</Filter>
    </ClCompile>
    <ClCompile Include="GeneratedFiles\Debug\moc_renderarea.cpp">
      <Filter>Generated Files\Debug</Filter>
    </ClCompile>
    <ClCompile Include="GeneratedFiles\Debug\moc_shapedraw.cpp">
      <Filter>Generated Files\Debug</Filter>
    </ClCompile>
    <ClCompile Include="GeneratedFiles\Debug\moc_smpbuildingprodlg.cpp">
      <Filter>Generated Files\Debug</Filter>
    </ClCompile>
    <ClCompile Include="GeneratedFiles\Debug\moc_tilelatlong.cpp">
      <Filter>Generated Files\Debug</Filter>
    </ClCompile>
    <ClCompile Include="GeneratedFiles\Debug\moc_vectorconverter.cpp">
      <Filter>Generated Files\Debug</Filter>
    </ClCompile>
    <ClCompile Include="GeneratedFiles\Debug\moc_writeremovejgw.cpp">
      <Filter>Generated Files\Debug</Filter>
    </ClCompile>
  </ItemGroup>
  <ItemGroup>
    <ClInclude Include="common.h">
      <Filter>Header Files</Filter>
    </ClInclude>
    <ClInclude Include="dbasefile.h">
      <Filter>Header Files</Filter>
    </ClInclude>
    <ClInclude Include="importmanager.h">
      <Filter>Header Files</Filter>
    </ClInclude>
    <ClInclude Include="shapedef.h">
      <Filter>Header Files</Filter>
    </ClInclude>
    <ClInclude Include="shapefile.h">
      <Filter>Header Files</Filter>
    </ClInclude>
    <ClInclude Include="GeneratedFiles\ui_browserwidget.h">
      <Filter>Generated Files</Filter>
    </ClInclude>
    <ClInclude Include="GeneratedFiles\ui_qglobe_tool.h">
      <Filter>Generated Files</Filter>
    </ClInclude>
    <ClInclude Include="GeneratedFiles\ui_qglobedbextractdlg.h">
      <Filter>Generated Files</Filter>
    </ClInclude>
    <ClInclude Include="GeneratedFiles\ui_hopedbtoqgblobe.h">
      <Filter>Generated Files</Filter>
    </ClInclude>
    <ClInclude Include="GeneratedFiles\ui_imagemerge.h">
      <Filter>Generated Files</Filter>
    </ClInclude>
    <ClInclude Include="GeneratedFiles\ui_imgtilemergedlg.h">
      <Filter>Generated Files</Filter>
    </ClInclude>
    <ClInclude Include="GeneratedFiles\ui_keygenerator.h">
      <Filter>Generated Files</Filter>
    </ClInclude>
    <ClInclude Include="GeneratedFiles\ui_latlongtohopeimage.h">
      <Filter>Generated Files</Filter>
    </ClInclude>
    <ClInclude Include="GeneratedFiles\ui_qsqlconnectiondialog.h">
      <Filter>Generated Files</Filter>
    </ClInclude>
    <ClInclude Include="GeneratedFiles\ui_shapedraw.h">
      <Filter>Generated Files</Filter>
    </ClInclude>
    <ClInclude Include="GeneratedFiles\ui_smpbuildingprodlg.h">
      <Filter>Generated Files</Filter>
    </ClInclude>
    <ClInclude Include="GeneratedFiles\ui_tilelatlong.h">
      <Filter>Generated Files</Filter>
    </ClInclude>
    <ClInclude Include="GeneratedFiles\ui_vectorconverter.h">
      <Filter>Generated Files</Filter>
    </ClInclude>
    <ClInclude Include="GeneratedFiles\ui_writeremovejgw.h">
      <Filter>Generated Files</Filter>
    </ClInclude>
  </ItemGroup>
  <ItemGroup>
    <CustomBuild Include="browser.h">
      <Filter>Header Files</Filter>
    </CustomBuild>
    <CustomBuild Include="connectionwidget.h">
      <Filter>Header Files</Filter>
    </CustomBuild>
    <CustomBuild Include="qglobe_tool.h">
      <Filter>Header Files</Filter>
    </CustomBuild>
    <CustomBuild Include="qglobedbextractdlg.h">
      <Filter>Header Files</Filter>
    </CustomBuild>
    <CustomBuild Include="hopedbtoqgblobe.h">
      <Filter>Header Files</Filter>
    </CustomBuild>
    <CustomBuild Include="imagemerge.h">
      <Filter>Header Files</Filter>
    </CustomBuild>
    <CustomBuild Include="imgtilemergedlg.h">
      <Filter>Header Files</Filter>
    </CustomBuild>
    <CustomBuild Include="keygenerator.h">
      <Filter>Header Files</Filter>
    </CustomBuild>
    <CustomBuild Include="latlongtohopeimage.h">
      <Filter>Header Files</Filter>
    </CustomBuild>
    <CustomBuild Include="qsqlconnectiondialog.h">
      <Filter>Header Files</Filter>
    </CustomBuild>
    <CustomBuild Include="renderarea.h">
      <Filter>Header Files</Filter>
    </CustomBuild>
    <CustomBuild Include="shapedraw.h">
      <Filter>Header Files</Filter>
    </CustomBuild>
    <CustomBuild Include="smpbuildingprodlg.h">
      <Filter>Header Files</Filter>
    </CustomBuild>
    <CustomBuild Include="tilelatlong.h">
      <Filter>Header Files</Filter>
    </CustomBuild>
    <CustomBuild Include="vectorconverter.h">
      <Filter>Header Files</Filter>
    </CustomBuild>
    <CustomBuild Include="writeremovejgw.h">
      <Filter>Header Files</Filter>
    </CustomBuild>
    <CustomBuild Include="browserwidget.ui">
      <Filter>Form Files</Filter>
    </CustomBuild>
    <CustomBuild Include="qglobe_tool.ui">
      <Filter>Form Files</Filter>
    </CustomBuild>
    <CustomBuild Include="qglobedbextractdlg.ui">
      <Filter>Form Files</Filter>
    </CustomBuild>
    <CustomBuild Include="hopedbtoqgblobe.ui">
      <Filter>Form Files</Filter>
    </CustomBuild>
    <CustomBuild Include="imagemerge.ui">
      <Filter>Form Files</Filter>
    </CustomBuild>
    <CustomBuild Include="imgtilemergedlg.ui">
      <Filter>Form Files</Filter>
    </CustomBuild>
    <CustomBuild Include="keygenerator.ui">
      <Filter>Form Files</Filter>
    </CustomBuild>
    <CustomBuild Include="latlongtohopeimage.ui">
      <Filter>Form Files</Filter>
    </CustomBuild>
    <CustomBuild Include="qsqlconnectiondialog.ui">
      <Filter>Form Files</Filter>
    </CustomBuild>
    <CustomBuild Include="shapedraw.ui">
      <Filter>Form Files</Filter>
    </CustomBuild>
    <CustomBuild Include="smpbuildingprodlg.ui">
      <Filter>Form Files</Filter>
    </CustomBuild>
    <CustomBuild Include="tilelatlong.ui">
      <Filter>Form Files</Filter>
    </CustomBuild>
    <CustomBuild Include="vectorconverter.ui">
      <Filter>Form Files</Filter>
    </CustomBuild>
    <CustomBuild Include="writeremovejgw.ui">
      <Filter>Form Files</Filter>
    </CustomBuild>
    <CustomBuild Include="qglobe_tool.qrc">
      <Filter>Resource Files</Filter>
    </CustomBuild>
  </ItemGroup>
</Project>