<?xml version="1.0" encoding="utf-8"?>
<Project ToolsVersion="4.0" xmlns="http://schemas.microsoft.com/developer/msbuild/2003">
  <ItemGroup>
    <Filter Include="Source Files">
      <UniqueIdentifier>{4FC737F1-C7A5-4376-A066-2A32D752A2FF}</UniqueIdentifier>
      <Extensions>cpp;cxx;c;def</Extensions>
    </Filter>
    <Filter Include="Header Files">
      <UniqueIdentifier>{93995380-89BD-4b04-88EB-625FBE52EBFB}</UniqueIdentifier>
      <Extensions>h</Extensions>
    </Filter>
    <Filter Include="Contour">
      <UniqueIdentifier>{306ac3e2-c530-4922-a262-396b7627da95}</UniqueIdentifier>
    </Filter>
    <Filter Include="Camera">
      <UniqueIdentifier>{5ea88e36-acdf-4fd5-901f-154fdc3a612e}</UniqueIdentifier>
    </Filter>
    <Filter Include="Cache">
      <UniqueIdentifier>{3b36e404-aaf1-46a2-91e7-430acbda279a}</UniqueIdentifier>
    </Filter>
  </ItemGroup>
  <ItemGroup>
    <ClCompile Include="Building.cpp">
      <Filter>Source Files</Filter>
    </ClCompile>
    <ClCompile Include="ColorRamp.cpp">
      <Filter>Source Files</Filter>
    </ClCompile>
    <ClCompile Include="GDM_3DObjectCache.cpp">
      <Filter>Source Files</Filter>
    </ClCompile>
    <ClCompile Include="GDM_CollisionHandler.cpp">
      <Filter>Source Files</Filter>
    </ClCompile>
    <ClCompile Include="GDM_DataFunc.cpp">
      <Filter>Source Files</Filter>
    </ClCompile>
    <ClCompile Include="GDM_DataMgr.cpp">
      <Filter>Source Files</Filter>
    </ClCompile>
    <ClCompile Include="GDM_FPSTester.cpp">
      <Filter>Source Files</Filter>
    </ClCompile>
    <ClCompile Include="GDM_GISDataCache.cpp">
      <Filter>Source Files</Filter>
    </ClCompile>
    <ClCompile Include="GDM_Interface.cpp">
      <Filter>Source Files</Filter>
    </ClCompile>
    <ClCompile Include="GDM_Jpeg.cpp">
      <Filter>Source Files</Filter>
    </ClCompile>
    <ClCompile Include="GDM_LoadDataMgr.cpp">
      <Filter>Source Files</Filter>
    </ClCompile>
    <ClCompile Include="GDM_Option.cpp">
      <Filter>Source Files</Filter>
    </ClCompile>
    <ClCompile Include="GDM_ParsingTile.cpp">
      <Filter>Source Files</Filter>
    </ClCompile>
    <ClCompile Include="GDM_PreProcessTile.cpp">
      <Filter>Source Files</Filter>
    </ClCompile>
    <ClCompile Include="GDM_PyramidMgr.cpp">
      <Filter>Source Files</Filter>
    </ClCompile>
    <ClCompile Include="GDM_QuadNode.cpp">
      <Filter>Source Files</Filter>
    </ClCompile>
    <ClCompile Include="GDM_RequestMgr.cpp">
      <Filter>Source Files</Filter>
    </ClCompile>
    <ClCompile Include="GDM_SimpleBuildingCache.cpp">
      <Filter>Source Files</Filter>
    </ClCompile>
    <ClCompile Include="GDM_TextMgr.cpp">
      <Filter>Source Files</Filter>
    </ClCompile>
    <ClCompile Include="GDM_ThreadMgr.cpp">
      <Filter>Source Files</Filter>
    </ClCompile>
    <ClCompile Include="GDM_TileFunc.cpp">
      <Filter>Source Files</Filter>
    </ClCompile>
    <ClCompile Include="Layer.cpp">
      <Filter>Source Files</Filter>
    </ClCompile>
    <ClCompile Include="Polygon.cpp">
      <Filter>Source Files</Filter>
    </ClCompile>
    <ClCompile Include="RasterStretchColorRampRenderer.cpp">
      <Filter>Source Files</Filter>
    </ClCompile>
    <ClCompile Include="gis_contour.cpp">
      <Filter>Contour</Filter>
    </ClCompile>
    <ClCompile Include="GDM_Camera.cpp">
      <Filter>Camera</Filter>
    </ClCompile>
    <ClCompile Include="GDM_CameraAnimationHandler.cpp">
      <Filter>Camera</Filter>
    </ClCompile>
    <ClCompile Include="GDM_CacheDataMgr.cpp">
      <Filter>Cache</Filter>
    </ClCompile>
    <ClCompile Include="GDM_CacheMgr.cpp">
      <Filter>Cache</Filter>
    </ClCompile>
    <ClCompile Include="GDM_ContourCache.cpp">
      <Filter>Cache</Filter>
    </ClCompile>
    <ClCompile Include="GDM_FileCacheMgr.cpp">
      <Filter>Cache</Filter>
    </ClCompile>
    <ClCompile Include="GDM_TerrainPtCache.cpp">
      <Filter>Cache</Filter>
    </ClCompile>
  </ItemGroup>
  <ItemGroup>
    <ClInclude Include="Building.h">
      <Filter>Header Files</Filter>
    </ClInclude>
    <ClInclude Include="ColorRamp.h">
      <Filter>Header Files</Filter>
    </ClInclude>
    <ClInclude Include="gdem_libmain_global.h">
      <Filter>Header Files</Filter>
    </ClInclude>
    <ClInclude Include="GDM_3DObjectCache.h">
      <Filter>Header Files</Filter>
    </ClInclude>
    <ClInclude Include="GDM_CollisionHandler.h">
      <Filter>Header Files</Filter>
    </ClInclude>
    <ClInclude Include="GDM_DataMgr.h">
      <Filter>Header Files</Filter>
    </ClInclude>
    <ClInclude Include="GDM_FPSTester.h">
      <Filter>Header Files</Filter>
    </ClInclude>
    <ClInclude Include="GDM_GISDataCache.h">
      <Filter>Header Files</Filter>
    </ClInclude>
    <ClInclude Include="GDM_Interface.h">
      <Filter>Header Files</Filter>
    </ClInclude>
    <ClInclude Include="GDM_Jpeg.h">
      <Filter>Header Files</Filter>
    </ClInclude>
    <ClInclude Include="GDM_LoadDataMgr.h">
      <Filter>Header Files</Filter>
    </ClInclude>
    <ClInclude Include="GDM_PyramidMgr.h">
      <Filter>Header Files</Filter>
    </ClInclude>
    <ClInclude Include="GDM_QuadNode.h">
      <Filter>Header Files</Filter>
    </ClInclude>
    <ClInclude Include="GDM_RenderTile.h">
      <Filter>Header Files</Filter>
    </ClInclude>
    <ClInclude Include="GDM_RequestMgr.h">
      <Filter>Header Files</Filter>
    </ClInclude>
    <ClInclude Include="GDM_SimpleBuildingCache.h">
      <Filter>Header Files</Filter>
    </ClInclude>
    <ClInclude Include="GDM_TextMgr.h">
      <Filter>Header Files</Filter>
    </ClInclude>
    <ClInclude Include="GDM_ThreadMgr.h">
      <Filter>Header Files</Filter>
    </ClInclude>
    <ClInclude Include="GDM_Tile.h">
      <Filter>Header Files</Filter>
    </ClInclude>
    <ClInclude Include="GDM_TileFunc.h">
      <Filter>Header Files</Filter>
    </ClInclude>
    <ClInclude Include="Layer.h">
      <Filter>Header Files</Filter>
    </ClInclude>
    <ClInclude Include="Polygon.h">
      <Filter>Header Files</Filter>
    </ClInclude>
    <ClInclude Include="RasterRenderer.h">
      <Filter>Header Files</Filter>
    </ClInclude>
    <ClInclude Include="RasterStretchColorRampRenderer.h">
      <Filter>Header Files</Filter>
    </ClInclude>
    <ClInclude Include="stable.h">
      <Filter>Header Files</Filter>
    </ClInclude>
    <ClInclude Include="gis_contour.h">
      <Filter>Contour</Filter>
    </ClInclude>
    <ClInclude Include="GDM_Camera.h">
      <Filter>Camera</Filter>
    </ClInclude>
    <ClInclude Include="GDM_CameraAnimationHandler.h">
      <Filter>Camera</Filter>
    </ClInclude>
    <ClInclude Include="GDM_CacheDataMgr.h">
      <Filter>Cache</Filter>
    </ClInclude>
    <ClInclude Include="GDM_CacheMgr.h">
      <Filter>Cache</Filter>
    </ClInclude>
    <ClInclude Include="GDM_ContourCache.h">
      <Filter>Cache</Filter>
    </ClInclude>
    <ClInclude Include="GDM_FileCacheMgr.h">
      <Filter>Cache</Filter>
    </ClInclude>
    <ClInclude Include="GDM_TerrainPtCache.h">
      <Filter>Cache</Filter>
    </ClInclude>
    <ClInclude Include="IGDM_TextureIDCache.h">
      <Filter>Cache</Filter>
    </ClInclude>
  </ItemGroup>
</Project>