<?xml version="1.0" encoding="utf-8"?>
<Project ToolsVersion="4.0" xmlns="http://schemas.microsoft.com/developer/msbuild/2003">
  <ItemGroup>
    <Filter Include="Source Files">
      <UniqueIdentifier>{4FC737F1-C7A5-4376-A066-2A32D752A2FF}</UniqueIdentifier>
      <Extensions>cpp;cxx;c;def</Extensions>
    </Filter>
    <Filter Include="Header Files">
      <UniqueIdentifier>{93995380-89BD-4b04-88EB-625FBE52EBFB}</UniqueIdentifier>
      <Extensions>h</Extensions>
    </Filter>
    <Filter Include="Contour">
      <UniqueIdentifier>{306ac3e2-c530-4922-a262-396b7627da95}</UniqueIdentifier>
    </Filter>
    <Filter Include="Camera">
      <UniqueIdentifier>{5ea88e36-acdf-4fd5-901f-154fdc3a612e}</UniqueIdentifier>
    </Filter>
    <Filter Include="Cache">
      <UniqueIdentifier>{3b36e404-aaf1-46a2-91e7-430acbda279a}</UniqueIdentifier>
    </Filter>
  </ItemGroup>
  <ItemGroup>
    <ClCompile Include="Building.cpp">
      <Filter>Source Files</Filter>
    </ClCompile>
    <ClCompile Include="ColorRamp.cpp">
      <Filter>Source Files</Filter>
    </ClCompile>
    <ClCompile Include="QGlobe_3DObjectCache.cpp">
      <Filter>Source Files</Filter>
    </ClCompile>
    <ClCompile Include="QGlobe_CollisionHandler.cpp">
      <Filter>Source Files</Filter>
    </ClCompile>
    <ClCompile Include="QGlobe_DataFunc.cpp">
      <Filter>Source Files</Filter>
    </ClCompile>
    <ClCompile Include="QGlobe_DataMgr.cpp">
      <Filter>Source Files</Filter>
    </ClCompile>
    <ClCompile Include="QGlobe_FPSTester.cpp">
      <Filter>Source Files</Filter>
    </ClCompile>
    <ClCompile Include="QGlobe_GISDataCache.cpp">
      <Filter>Source Files</Filter>
    </ClCompile>
    <ClCompile Include="QGlobe_Interface.cpp">
      <Filter>Source Files</Filter>
    </ClCompile>
    <ClCompile Include="QGlobe_Jpeg.cpp">
      <Filter>Source Files</Filter>
    </ClCompile>
    <ClCompile Include="QGlobe_LoadDataMgr.cpp">
      <Filter>Source Files</Filter>
    </ClCompile>
    <ClCompile Include="QGlobe_Option.cpp">
      <Filter>Source Files</Filter>
    </ClCompile>
    <ClCompile Include="QGlobe_ParsingTile.cpp">
      <Filter>Source Files</Filter>
    </ClCompile>
    <ClCompile Include="QGlobe_PreProcessTile.cpp">
      <Filter>Source Files</Filter>
    </ClCompile>
    <ClCompile Include="QGlobe_PyramidMgr.cpp">
      <Filter>Source Files</Filter>
    </ClCompile>
    <ClCompile Include="QGlobe_QuadNode.cpp">
      <Filter>Source Files</Filter>
    </ClCompile>
    <ClCompile Include="QGlobe_RequestMgr.cpp">
      <Filter>Source Files</Filter>
    </ClCompile>
    <ClCompile Include="QGlobe_SimpleBuildingCache.cpp">
      <Filter>Source Files</Filter>
    </ClCompile>
    <ClCompile Include="QGlobe_TextMgr.cpp">
      <Filter>Source Files</Filter>
    </ClCompile>
    <ClCompile Include="QGlobe_ThreadMgr.cpp">
      <Filter>Source Files</Filter>
    </ClCompile>
    <ClCompile Include="QGlobe_TileFunc.cpp">
      <Filter>Source Files</Filter>
    </ClCompile>
    <ClCompile Include="Layer.cpp">
      <Filter>Source Files</Filter>
    </ClCompile>
    <ClCompile Include="Polygon.cpp">
      <Filter>Source Files</Filter>
    </ClCompile>
    <ClCompile Include="RasterStretchColorRampRenderer.cpp">
      <Filter>Source Files</Filter>
    </ClCompile>
    <ClCompile Include="gis_contour.cpp">
      <Filter>Contour</Filter>
    </ClCompile>
    <ClCompile Include="QGlobe_Camera.cpp">
      <Filter>Camera</Filter>
    </ClCompile>
    <ClCompile Include="QGlobe_CameraAnimationHandler.cpp">
      <Filter>Camera</Filter>
    </ClCompile>
    <ClCompile Include="QGlobe_CacheDataMgr.cpp">
      <Filter>Cache</Filter>
    </ClCompile>
    <ClCompile Include="QGlobe_CacheMgr.cpp">
      <Filter>Cache</Filter>
    </ClCompile>
    <ClCompile Include="QGlobe_ContourCache.cpp">
      <Filter>Cache</Filter>
    </ClCompile>
    <ClCompile Include="QGlobe_FileCacheMgr.cpp">
      <Filter>Cache</Filter>
    </ClCompile>
    <ClCompile Include="QGlobe_TerrainPtCache.cpp">
      <Filter>Cache</Filter>
    </ClCompile>
  </ItemGroup>
  <ItemGroup>
    <ClInclude Include="Building.h">
      <Filter>Header Files</Filter>
    </ClInclude>
    <ClInclude Include="ColorRamp.h">
      <Filter>Header Files</Filter>
    </ClInclude>
    <ClInclude Include="qglobe_libmain_global.h">
      <Filter>Header Files</Filter>
    </ClInclude>
    <ClInclude Include="QGlobe_3DObjectCache.h">
      <Filter>Header Files</Filter>
    </ClInclude>
    <ClInclude Include="QGlobe_CollisionHandler.h">
      <Filter>Header Files</Filter>
    </ClInclude>
    <ClInclude Include="QGlobe_DataMgr.h">
      <Filter>Header Files</Filter>
    </ClInclude>
    <ClInclude Include="QGlobe_FPSTester.h">
      <Filter>Header Files</Filter>
    </ClInclude>
    <ClInclude Include="QGlobe_GISDataCache.h">
      <Filter>Header Files</Filter>
    </ClInclude>
    <ClInclude Include="QGlobe_Interface.h">
      <Filter>Header Files</Filter>
    </ClInclude>
    <ClInclude Include="QGlobe_Jpeg.h">
      <Filter>Header Files</Filter>
    </ClInclude>
    <ClInclude Include="QGlobe_LoadDataMgr.h">
      <Filter>Header Files</Filter>
    </ClInclude>
    <ClInclude Include="QGlobe_PyramidMgr.h">
      <Filter>Header Files</Filter>
    </ClInclude>
    <ClInclude Include="QGlobe_QuadNode.h">
      <Filter>Header Files</Filter>
    </ClInclude>
    <ClInclude Include="QGlobe_RenderTile.h">
      <Filter>Header Files</Filter>
    </ClInclude>
    <ClInclude Include="QGlobe_RequestMgr.h">
      <Filter>Header Files</Filter>
    </ClInclude>
    <ClInclude Include="QGlobe_SimpleBuildingCache.h">
      <Filter>Header Files</Filter>
    </ClInclude>
    <ClInclude Include="QGlobe_TextMgr.h">
      <Filter>Header Files</Filter>
    </ClInclude>
    <ClInclude Include="QGlobe_ThreadMgr.h">
      <Filter>Header Files</Filter>
    </ClInclude>
    <ClInclude Include="QGlobe_Tile.h">
      <Filter>Header Files</Filter>
    </ClInclude>
    <ClInclude Include="QGlobe_TileFunc.h">
      <Filter>Header Files</Filter>
    </ClInclude>
    <ClInclude Include="Layer.h">
      <Filter>Header Files</Filter>
    </ClInclude>
    <ClInclude Include="Polygon.h">
      <Filter>Header Files</Filter>
    </ClInclude>
    <ClInclude Include="RasterRenderer.h">
      <Filter>Header Files</Filter>
    </ClInclude>
    <ClInclude Include="RasterStretchColorRampRenderer.h">
      <Filter>Header Files</Filter>
    </ClInclude>
    <ClInclude Include="stable.h">
      <Filter>Header Files</Filter>
    </ClInclude>
    <ClInclude Include="gis_contour.h">
      <Filter>Contour</Filter>
    </ClInclude>
    <ClInclude Include="QGlobe_Camera.h">
      <Filter>Camera</Filter>
    </ClInclude>
    <ClInclude Include="QGlobe_CameraAnimationHandler.h">
      <Filter>Camera</Filter>
    </ClInclude>
    <ClInclude Include="QGlobe_CacheDataMgr.h">
      <Filter>Cache</Filter>
    </ClInclude>
    <ClInclude Include="QGlobe_CacheMgr.h">
      <Filter>Cache</Filter>
    </ClInclude>
    <ClInclude Include="QGlobe_ContourCache.h">
      <Filter>Cache</Filter>
    </ClInclude>
    <ClInclude Include="QGlobe_FileCacheMgr.h">
      <Filter>Cache</Filter>
    </ClInclude>
    <ClInclude Include="QGlobe_TerrainPtCache.h">
      <Filter>Cache</Filter>
    </ClInclude>
    <ClInclude Include="IQGlobe_TextureIDCache.h">
      <Filter>Cache</Filter>
    </ClInclude>
  </ItemGroup>
</Project>