<?xml version="1.0" encoding="utf-8"?>
<Project ToolsVersion="4.0" xmlns="http://schemas.microsoft.com/developer/msbuild/2003">
  <ItemGroup>
    <Filter Include="Header Files">
      <UniqueIdentifier>{93995380-89BD-4b04-88EB-625FBE52EBFB}</UniqueIdentifier>
      <Extensions>h</Extensions>
    </Filter>
    <Filter Include="Source Files">
      <UniqueIdentifier>{4FC737F1-C7A5-4376-A066-2A32D752A2FF}</UniqueIdentifier>
      <Extensions>cpp;cxx;c;def</Extensions>
    </Filter>
  </ItemGroup>
  <ItemGroup>
    <ClInclude Include="Alloc.h">
      <Filter>Header Files</Filter>
    </ClInclude>
    <ClInclude Include="LzFind.h">
      <Filter>Header Files</Filter>
    </ClInclude>
    <ClInclude Include="LzHash.h">
      <Filter>Header Files</Filter>
    </ClInclude>
    <ClInclude Include="LzmaDec.h">
      <Filter>Header Files</Filter>
    </ClInclude>
    <ClInclude Include="LzmaEnc.h">
      <Filter>Header Files</Filter>
    </ClInclude>
    <ClInclude Include="LzmaLib.h">
      <Filter>Header Files</Filter>
    </ClInclude>
    <ClInclude Include="Types.h">
      <Filter>Header Files</Filter>
    </ClInclude>
  </ItemGroup>
  <ItemGroup>
    <ClCompile Include="Alloc.c">
      <Filter>Source Files</Filter>
    </ClCompile>
    <ClCompile Include="LzFind.c">
      <Filter>Source Files</Filter>
    </ClCompile>
    <ClCompile Include="LzmaDec.c">
      <Filter>Source Files</Filter>
    </ClCompile>
    <ClCompile Include="LzmaEnc.c">
      <Filter>Source Files</Filter>
    </ClCompile>
    <ClCompile Include="LzmaLib.c">
      <Filter>Source Files</Filter>
    </ClCompile>
  </ItemGroup>
</Project>